// !$*UTF8*$!
{
	archiveVersion = 1;
	classes = {
	};
	objectVersion = 56;
	objects = {

/* Begin PBXBuildFile section */
		D72C1ED32B72938600F65EF0 /* AppDelegate.swift in Sources */ = {isa = PBXBuildFile; fileRef = D72C1ED22B72938600F65EF0 /* AppDelegate.swift */; };
		D72C1ED52B72938600F65EF0 /* SceneDelegate.swift in Sources */ = {isa = PBXBuildFile; fileRef = D72C1ED42B72938600F65EF0 /* SceneDelegate.swift */; };
		D72C1ED72B72938600F65EF0 /* ViewController.swift in Sources */ = {isa = PBXBuildFile; fileRef = D72C1ED62B72938600F65EF0 /* ViewController.swift */; };
		D72C1EDA2B72938600F65EF0 /* Main.storyboard in Resources */ = {isa = PBXBuildFile; fileRef = D72C1ED82B72938600F65EF0 /* Main.storyboard */; };
		D72C1EDC2B72938700F65EF0 /* Assets.xcassets in Resources */ = {isa = PBXBuildFile; fileRef = D72C1EDB2B72938700F65EF0 /* Assets.xcassets */; };
		D72C1EDF2B72938700F65EF0 /* LaunchScreen.storyboard in Resources */ = {isa = PBXBuildFile; fileRef = D72C1EDD2B72938700F65EF0 /* LaunchScreen.storyboard */; };
		D72C1EEA2B72938800F65EF0 /* InitialsAppTests.swift in Sources */ = {isa = PBXBuildFile; fileRef = D72C1EE92B72938800F65EF0 /* InitialsAppTests.swift */; };
		D72C1EF42B72938800F65EF0 /* InitialsAppUITests.swift in Sources */ = {isa = PBXBuildFile; fileRef = D72C1EF32B72938800F65EF0 /* InitialsAppUITests.swift */; };
		D72C1EF62B72938800F65EF0 /* InitialsAppUITestsLaunchTests.swift in Sources */ = {isa = PBXBuildFile; fileRef = D72C1EF52B72938800F65EF0 /* InitialsAppUITestsLaunchTests.swift */; };
/* End PBXBuildFile section */

/* Begin PBXContainerItemProxy section */
		D72C1EE62B72938800F65EF0 /* PBXContainerItemProxy */ = {
			isa = PBXContainerItemProxy;
			containerPortal = D72C1EC72B72938500F65EF0 /* Project object */;
			proxyType = 1;
			remoteGlobalIDString = D72C1ECE2B72938600F65EF0;
			remoteInfo = InitialsApp;
		};
		D72C1EF02B72938800F65EF0 /* PBXContainerItemProxy */ = {
			isa = PBXContainerItemProxy;
			containerPortal = D72C1EC72B72938500F65EF0 /* Project object */;
			proxyType = 1;
			remoteGlobalIDString = D72C1ECE2B72938600F65EF0;
			remoteInfo = InitialsApp;
		};
/* End PBXContainerItemProxy section */

/* Begin PBXFileReference section */
		D72C1ECF2B72938600F65EF0 /* InitialsApp.app */ = {isa = PBXFileReference; explicitFileType = wrapper.application; includeInIndex = 0; path = InitialsApp.app; sourceTree = BUILT_PRODUCTS_DIR; };
		D72C1ED22B72938600F65EF0 /* AppDelegate.swift */ = {isa = PBXFileReference; lastKnownFileType = sourcecode.swift; path = AppDelegate.swift; sourceTree = "<group>"; };
		D72C1ED42B72938600F65EF0 /* SceneDelegate.swift */ = {isa = PBXFileReference; lastKnownFileType = sourcecode.swift; path = SceneDelegate.swift; sourceTree = "<group>"; };
		D72C1ED62B72938600F65EF0 /* ViewController.swift */ = {isa = PBXFileReference; lastKnownFileType = sourcecode.swift; path = ViewController.swift; sourceTree = "<group>"; };
		D72C1ED92B72938600F65EF0 /* Base */ = {isa = PBXFileReference; lastKnownFileType = file.storyboard; name = Base; path = Base.lproj/Main.storyboard; sourceTree = "<group>"; };
		D72C1EDB2B72938700F65EF0 /* Assets.xcassets */ = {isa = PBXFileReference; lastKnownFileType = folder.assetcatalog; path = Assets.xcassets; sourceTree = "<group>"; };
		D72C1EDE2B72938700F65EF0 /* Base */ = {isa = PBXFileReference; lastKnownFileType = file.storyboard; name = Base; path = Base.lproj/LaunchScreen.storyboard; sourceTree = "<group>"; };
		D72C1EE02B72938700F65EF0 /* Info.plist */ = {isa = PBXFileReference; lastKnownFileType = text.plist.xml; path = Info.plist; sourceTree = "<group>"; };
		D72C1EE52B72938800F65EF0 /* InitialsAppTests.xctest */ = {isa = PBXFileReference; explicitFileType = wrapper.cfbundle; includeInIndex = 0; path = InitialsAppTests.xctest; sourceTree = BUILT_PRODUCTS_DIR; };
		D72C1EE92B72938800F65EF0 /* InitialsAppTests.swift */ = {isa = PBXFileReference; lastKnownFileType = sourcecode.swift; path = InitialsAppTests.swift; sourceTree = "<group>"; };
		D72C1EEF2B72938800F65EF0 /* InitialsAppUITests.xctest */ = {isa = PBXFileReference; explicitFileType = wrapper.cfbundle; includeInIndex = 0; path = InitialsAppUITests.xctest; sourceTree = BUILT_PRODUCTS_DIR; };
		D72C1EF32B72938800F65EF0 /* InitialsAppUITests.swift */ = {isa = PBXFileReference; lastKnownFileType = sourcecode.swift; path = InitialsAppUITests.swift; sourceTree = "<group>"; };
		D72C1EF52B72938800F65EF0 /* InitialsAppUITestsLaunchTests.swift */ = {isa = PBXFileReference; lastKnownFileType = sourcecode.swift; path = InitialsAppUITestsLaunchTests.swift; sourceTree = "<group>"; };
/* End PBXFileReference section */

/* Begin PBXFrameworksBuildPhase section */
		D72C1ECC2B72938600F65EF0 /* Frameworks */ = {
			isa = PBXFrameworksBuildPhase;
			buildActionMask = 2147483647;
			files = (
			);
			runOnlyForDeploymentPostprocessing = 0;
		};
		D72C1EE22B72938800F65EF0 /* Frameworks */ = {
			isa = PBXFrameworksBuildPhase;
			buildActionMask = 2147483647;
			files = (
			);
			runOnlyForDeploymentPostprocessing = 0;
		};
		D72C1EEC2B72938800F65EF0 /* Frameworks */ = {
			isa = PBXFrameworksBuildPhase;
			buildActionMask = 2147483647;
			files = (
			);
			runOnlyForDeploymentPostprocessing = 0;
		};
/* End PBXFrameworksBuildPhase section */

/* Begin PBXGroup section */
		D72C1EC62B72938500F65EF0 = {
			isa = PBXGroup;
			children = (
				D72C1ED12B72938600F65EF0 /* InitialsApp */,
				D72C1EE82B72938800F65EF0 /* InitialsAppTests */,
				D72C1EF22B72938800F65EF0 /* InitialsAppUITests */,
				D72C1ED02B72938600F65EF0 /* Products */,
			);
			sourceTree = "<group>";
		};
		D72C1ED02B72938600F65EF0 /* Products */ = {
			isa = PBXGroup;
			children = (
				D72C1ECF2B72938600F65EF0 /* InitialsApp.app */,
				D72C1EE52B72938800F65EF0 /* InitialsAppTests.xctest */,
				D72C1EEF2B72938800F65EF0 /* InitialsAppUITests.xctest */,
			);
			name = Products;
			sourceTree = "<group>";
		};
		D72C1ED12B72938600F65EF0 /* InitialsApp */ = {
			isa = PBXGroup;
			children = (
				D72C1ED22B72938600F65EF0 /* AppDelegate.swift */,
				D72C1ED42B72938600F65EF0 /* SceneDelegate.swift */,
				D72C1ED62B72938600F65EF0 /* ViewController.swift */,
				D72C1ED82B72938600F65EF0 /* Main.storyboard */,
				D72C1EDB2B72938700F65EF0 /* Assets.xcassets */,
				D72C1EDD2B72938700F65EF0 /* LaunchScreen.storyboard */,
				D72C1EE02B72938700F65EF0 /* Info.plist */,
			);
			path = InitialsApp;
			sourceTree = "<group>";
		};
		D72C1EE82B72938800F65EF0 /* InitialsAppTests */ = {
			isa = PBXGroup;
			children = (
				D72C1EE92B72938800F65EF0 /* InitialsAppTests.swift */,
			);
			path = InitialsAppTests;
			sourceTree = "<group>";
		};
		D72C1EF22B72938800F65EF0 /* InitialsAppUITests */ = {
			isa = PBXGroup;
			children = (
				D72C1EF32B72938800F65EF0 /* InitialsAppUITests.swift */,
				D72C1EF52B72938800F65EF0 /* InitialsAppUITestsLaunchTests.swift */,
			);
			path = InitialsAppUITests;
			sourceTree = "<group>";
		};
/* End PBXGroup section */

/* Begin PBXNativeTarget section */
		D72C1ECE2B72938600F65EF0 /* InitialsApp */ = {
			isa = PBXNativeTarget;
			buildConfigurationList = D72C1EF92B72938800F65EF0 /* Build configuration list for PBXNativeTarget "InitialsApp" */;
			buildPhases = (
				D72C1ECB2B72938600F65EF0 /* Sources */,
				D72C1ECC2B72938600F65EF0 /* Frameworks */,
				D72C1ECD2B72938600F65EF0 /* Resources */,
			);
			buildRules = (
			);
			dependencies = (
			);
			name = InitialsApp;
			productName = InitialsApp;
			productReference = D72C1ECF2B72938600F65EF0 /* InitialsApp.app */;
			productType = "com.apple.product-type.application";
		};
		D72C1EE42B72938800F65EF0 /* InitialsAppTests */ = {
			isa = PBXNativeTarget;
			buildConfigurationList = D72C1EFC2B72938800F65EF0 /* Build configuration list for PBXNativeTarget "InitialsAppTests" */;
			buildPhases = (
				D72C1EE12B72938800F65EF0 /* Sources */,
				D72C1EE22B72938800F65EF0 /* Frameworks */,
				D72C1EE32B72938800F65EF0 /* Resources */,
			);
			buildRules = (
			);
			dependencies = (
				D72C1EE72B72938800F65EF0 /* PBXTargetDependency */,
			);
			name = InitialsAppTests;
			productName = InitialsAppTests;
			productReference = D72C1EE52B72938800F65EF0 /* InitialsAppTests.xctest */;
			productType = "com.apple.product-type.bundle.unit-test";
		};
		D72C1EEE2B72938800F65EF0 /* InitialsAppUITests */ = {
			isa = PBXNativeTarget;
			buildConfigurationList = D72C1EFF2B72938800F65EF0 /* Build configuration list for PBXNativeTarget "InitialsAppUITests" */;
			buildPhases = (
				D72C1EEB2B72938800F65EF0 /* Sources */,
				D72C1EEC2B72938800F65EF0 /* Frameworks */,
				D72C1EED2B72938800F65EF0 /* Resources */,
			);
			buildRules = (
			);
			dependencies = (
				D72C1EF12B72938800F65EF0 /* PBXTargetDependency */,
			);
			name = InitialsAppUITests;
			productName = InitialsAppUITests;
			productReference = D72C1EEF2B72938800F65EF0 /* InitialsAppUITests.xctest */;
			productType = "com.apple.product-type.bundle.ui-testing";
		};
/* End PBXNativeTarget section */

/* Begin PBXProject section */
		D72C1EC72B72938500F65EF0 /* Project object */ = {
			isa = PBXProject;
			attributes = {
				BuildIndependentTargetsInParallel = 1;
				LastSwiftUpdateCheck = 1520;
				LastUpgradeCheck = 1520;
				TargetAttributes = {
					D72C1ECE2B72938600F65EF0 = {
						CreatedOnToolsVersion = 15.2;
					};
					D72C1EE42B72938800F65EF0 = {
						CreatedOnToolsVersion = 15.2;
						TestTargetID = D72C1ECE2B72938600F65EF0;
					};
					D72C1EEE2B72938800F65EF0 = {
						CreatedOnToolsVersion = 15.2;
						TestTargetID = D72C1ECE2B72938600F65EF0;
					};
				};
			};
			buildConfigurationList = D72C1ECA2B72938500F65EF0 /* Build configuration list for PBXProject "InitialsApp" */;
			compatibilityVersion = "Xcode 14.0";
			developmentRegion = en;
			hasScannedForEncodings = 0;
			knownRegions = (
				en,
				Base,
			);
			mainGroup = D72C1EC62B72938500F65EF0;
			productRefGroup = D72C1ED02B72938600F65EF0 /* Products */;
			projectDirPath = "";
			projectRoot = "";
			targets = (
				D72C1ECE2B72938600F65EF0 /* InitialsApp */,
				D72C1EE42B72938800F65EF0 /* InitialsAppTests */,
				D72C1EEE2B72938800F65EF0 /* InitialsAppUITests */,
			);
		};
/* End PBXProject section */

/* Begin PBXResourcesBuildPhase section */
		D72C1ECD2B72938600F65EF0 /* Resources */ = {
			isa = PBXResourcesBuildPhase;
			buildActionMask = 2147483647;
			files = (
				D72C1EDF2B72938700F65EF0 /* LaunchScreen.storyboard in Resources */,
				D72C1EDC2B72938700F65EF0 /* Assets.xcassets in Resources */,
				D72C1EDA2B72938600F65EF0 /* Main.storyboard in Resources */,
			);
			runOnlyForDeploymentPostprocessing = 0;
		};
		D72C1EE32B72938800F65EF0 /* Resources */ = {
			isa = PBXResourcesBuildPhase;
			buildActionMask = 2147483647;
			files = (
			);
			runOnlyForDeploymentPostprocessing = 0;
		};
		D72C1EED2B72938800F65EF0 /* Resources */ = {
			isa = PBXResourcesBuildPhase;
			buildActionMask = 2147483647;
			files = (
			);
			runOnlyForDeploymentPostprocessing = 0;
		};
/* End PBXResourcesBuildPhase section */

/* Begin PBXSourcesBuildPhase section */
		D72C1ECB2B72938600F65EF0 /* Sources */ = {
			isa = PBXSourcesBuildPhase;
			buildActionMask = 2147483647;
			files = (
				D72C1ED72B72938600F65EF0 /* ViewController.swift in Sources */,
				D72C1ED32B72938600F65EF0 /* AppDelegate.swift in Sources */,
				D72C1ED52B72938600F65EF0 /* SceneDelegate.swift in Sources */,
			);
			runOnlyForDeploymentPostprocessing = 0;
		};
		D72C1EE12B72938800F65EF0 /* Sources */ = {
			isa = PBXSourcesBuildPhase;
			buildActionMask = 2147483647;
			files = (
				D72C1EEA2B72938800F65EF0 /* InitialsAppTests.swift in Sources */,
			);
			runOnlyForDeploymentPostprocessing = 0;
		};
		D72C1EEB2B72938800F65EF0 /* Sources */ = {
			isa = PBXSourcesBuildPhase;
			buildActionMask = 2147483647;
			files = (
				D72C1EF42B72938800F65EF0 /* InitialsAppUITests.swift in Sources */,
				D72C1EF62B72938800F65EF0 /* InitialsAppUITestsLaunchTests.swift in Sources */,
			);
			runOnlyForDeploymentPostprocessing = 0;
		};
/* End PBXSourcesBuildPhase section */

/* Begin PBXTargetDependency section */
		D72C1EE72B72938800F65EF0 /* PBXTargetDependency */ = {
			isa = PBXTargetDependency;
			target = D72C1ECE2B72938600F65EF0 /* InitialsApp */;
			targetProxy = D72C1EE62B72938800F65EF0 /* PBXContainerItemProxy */;
		};
		D72C1EF12B72938800F65EF0 /* PBXTargetDependency */ = {
			isa = PBXTargetDependency;
			target = D72C1ECE2B72938600F65EF0 /* InitialsApp */;
			targetProxy = D72C1EF02B72938800F65EF0 /* PBXContainerItemProxy */;
		};
/* End PBXTargetDependency section */

/* Begin PBXVariantGroup section */
		D72C1ED82B72938600F65EF0 /* Main.storyboard */ = {
			isa = PBXVariantGroup;
			children = (
				D72C1ED92B72938600F65EF0 /* Base */,
			);
			name = Main.storyboard;
			sourceTree = "<group>";
		};
		D72C1EDD2B72938700F65EF0 /* LaunchScreen.storyboard */ = {
			isa = PBXVariantGroup;
			children = (
				D72C1EDE2B72938700F65EF0 /* Base */,
			);
			name = LaunchScreen.storyboard;
			sourceTree = "<group>";
		};
/* End PBXVariantGroup section */

/* Begin XCBuildConfiguration section */
		D72C1EF72B72938800F65EF0 /* Debug */ = {
			isa = XCBuildConfiguration;
			buildSettings = {
				ALWAYS_SEARCH_USER_PATHS = NO;
				ASSETCATALOG_COMPILER_GENERATE_SWIFT_ASSET_SYMBOL_EXTENSIONS = YES;
				CLANG_ANALYZER_NONNULL = YES;
				CLANG_ANALYZER_NUMBER_OBJECT_CONVERSION = YES_AGGRESSIVE;
				CLANG_CXX_LANGUAGE_STANDARD = "gnu++20";
				CLANG_ENABLE_MODULES = YES;
				CLANG_ENABLE_OBJC_ARC = YES;
				CLANG_ENABLE_OBJC_WEAK = YES;
				CLANG_WARN_BLOCK_CAPTURE_AUTORELEASING = YES;
				CLANG_WARN_BOOL_CONVERSION = YES;
				CLANG_WARN_COMMA = YES;
				CLANG_WARN_CONSTANT_CONVERSION = YES;
				CLANG_WARN_DEPRECATED_OBJC_IMPLEMENTATIONS = YES;
				CLANG_WARN_DIRECT_OBJC_ISA_USAGE = YES_ERROR;
				CLANG_WARN_DOCUMENTATION_COMMENTS = YES;
				CLANG_WARN_EMPTY_BODY = YES;
				CLANG_WARN_ENUM_CONVERSION = YES;
				CLANG_WARN_INFINITE_RECURSION = YES;
				CLANG_WARN_INT_CONVERSION = YES;
				CLANG_WARN_NON_LITERAL_NULL_CONVERSION = YES;
				CLANG_WARN_OBJC_IMPLICIT_RETAIN_SELF = YES;
				CLANG_WARN_OBJC_LITERAL_CONVERSION = YES;
				CLANG_WARN_OBJC_ROOT_CLASS = YES_ERROR;
				CLANG_WARN_QUOTED_INCLUDE_IN_FRAMEWORK_HEADER = YES;
				CLANG_WARN_RANGE_LOOP_ANALYSIS = YES;
				CLANG_WARN_STRICT_PROTOTYPES = YES;
				CLANG_WARN_SUSPICIOUS_MOVE = YES;
				CLANG_WARN_UNGUARDED_AVAILABILITY = YES_AGGRESSIVE;
				CLANG_WARN_UNREACHABLE_CODE = YES;
				CLANG_WARN__DUPLICATE_METHOD_MATCH = YES;
				COPY_PHASE_STRIP = NO;
				DEBUG_INFORMATION_FORMAT = dwarf;
				ENABLE_STRICT_OBJC_MSGSEND = YES;
				ENABLE_TESTABILITY = YES;
				ENABLE_USER_SCRIPT_SANDBOXING = YES;
				GCC_C_LANGUAGE_STANDARD = gnu17;
				GCC_DYNAMIC_NO_PIC = NO;
				GCC_NO_COMMON_BLOCKS = YES;
				GCC_OPTIMIZATION_LEVEL = 0;
				GCC_PREPROCESSOR_DEFINITIONS = (
					"DEBUG=1",
					"$(inherited)",
				);
				GCC_WARN_64_TO_32_BIT_CONVERSION = YES;
				GCC_WARN_ABOUT_RETURN_TYPE = YES_ERROR;
				GCC_WARN_UNDECLARED_SELECTOR = YES;
				GCC_WARN_UNINITIALIZED_AUTOS = YES_AGGRESSIVE;
				GCC_WARN_UNUSED_FUNCTION = YES;
				GCC_WARN_UNUSED_VARIABLE = YES;
				IPHONEOS_DEPLOYMENT_TARGET = 17.2;
				LOCALIZATION_PREFERS_STRING_CATALOGS = YES;
				MTL_ENABLE_DEBUG_INFO = INCLUDE_SOURCE;
				MTL_FAST_MATH = YES;
				ONLY_ACTIVE_ARCH = YES;
				SDKROOT = iphoneos;
				SWIFT_ACTIVE_COMPILATION_CONDITIONS = "DEBUG $(inherited)";
				SWIFT_OPTIMIZATION_LEVEL = "-Onone";
			};
			name = Debug;
		};
		D72C1EF82B72938800F65EF0 /* Release */ = {
			isa = XCBuildConfiguration;
			buildSettings = {
				ALWAYS_SEARCH_USER_PATHS = NO;
				ASSETCATALOG_COMPILER_GENERATE_SWIFT_ASSET_SYMBOL_EXTENSIONS = YES;
				CLANG_ANALYZER_NONNULL = YES;
				CLANG_ANALYZER_NUMBER_OBJECT_CONVERSION = YES_AGGRESSIVE;
				CLANG_CXX_LANGUAGE_STANDARD = "gnu++20";
				CLANG_ENABLE_MODULES = YES;
				CLANG_ENABLE_OBJC_ARC = YES;
				CLANG_ENABLE_OBJC_WEAK = YES;
				CLANG_WARN_BLOCK_CAPTURE_AUTORELEASING = YES;
				CLANG_WARN_BOOL_CONVERSION = YES;
				CLANG_WARN_COMMA = YES;
				CLANG_WARN_CONSTANT_CONVERSION = YES;
				CLANG_WARN_DEPRECATED_OBJC_IMPLEMENTATIONS = YES;
				CLANG_WARN_DIRECT_OBJC_ISA_USAGE = YES_ERROR;
				CLANG_WARN_DOCUMENTATION_COMMENTS = YES;
				CLANG_WARN_EMPTY_BODY = YES;
				CLANG_WARN_ENUM_CONVERSION = YES;
				CLANG_WARN_INFINITE_RECURSION = YES;
				CLANG_WARN_INT_CONVERSION = YES;
				CLANG_WARN_NON_LITERAL_NULL_CONVERSION = YES;
				CLANG_WARN_OBJC_IMPLICIT_RETAIN_SELF = YES;
				CLANG_WARN_OBJC_LITERAL_CONVERSION = YES;
				CLANG_WARN_OBJC_ROOT_CLASS = YES_ERROR;
				CLANG_WARN_QUOTED_INCLUDE_IN_FRAMEWORK_HEADER = YES;
				CLANG_WARN_RANGE_LOOP_ANALYSIS = YES;
				CLANG_WARN_STRICT_PROTOTYPES = YES;
				CLANG_WARN_SUSPICIOUS_MOVE = YES;
				CLANG_WARN_UNGUARDED_AVAILABILITY = YES_AGGRESSIVE;
				CLANG_WARN_UNREACHABLE_CODE = YES;
				CLANG_WARN__DUPLICATE_METHOD_MATCH = YES;
				COPY_PHASE_STRIP = NO;
				DEBUG_INFORMATION_FORMAT = "dwarf-with-dsym";
				ENABLE_NS_ASSERTIONS = NO;
				ENABLE_STRICT_OBJC_MSGSEND = YES;
				ENABLE_USER_SCRIPT_SANDBOXING = YES;
				GCC_C_LANGUAGE_STANDARD = gnu17;
				GCC_NO_COMMON_BLOCKS = YES;
				GCC_WARN_64_TO_32_BIT_CONVERSION = YES;
				GCC_WARN_ABOUT_RETURN_TYPE = YES_ERROR;
				GCC_WARN_UNDECLARED_SELECTOR = YES;
				GCC_WARN_UNINITIALIZED_AUTOS = YES_AGGRESSIVE;
				GCC_WARN_UNUSED_FUNCTION = YES;
				GCC_WARN_UNUSED_VARIABLE = YES;
				IPHONEOS_DEPLOYMENT_TARGET = 17.2;
				LOCALIZATION_PREFERS_STRING_CATALOGS = YES;
				MTL_ENABLE_DEBUG_INFO = NO;
				MTL_FAST_MATH = YES;
				SDKROOT = iphoneos;
				SWIFT_COMPILATION_MODE = wholemodule;
				VALIDATE_PRODUCT = YES;
			};
			name = Release;
		};
		D72C1EFA2B72938800F65EF0 /* Debug */ = {
			isa = XCBuildConfiguration;
			buildSettings = {
				ASSETCATALOG_COMPILER_APPICON_NAME = AppIcon;
				ASSETCATALOG_COMPILER_GLOBAL_ACCENT_COLOR_NAME = AccentColor;
				CODE_SIGN_STYLE = Automatic;
				CURRENT_PROJECT_VERSION = 1;
				GENERATE_INFOPLIST_FILE = YES;
				INFOPLIST_FILE = InitialsApp/Info.plist;
				INFOPLIST_KEY_CFBundleDisplayName = Initials;
				INFOPLIST_KEY_UIApplicationSupportsIndirectInputEvents = YES;
				INFOPLIST_KEY_UILaunchStoryboardName = LaunchScreen;
				INFOPLIST_KEY_UIMainStoryboardFile = Main;
				INFOPLIST_KEY_UISupportedInterfaceOrientations_iPad = "UIInterfaceOrientationPortrait UIInterfaceOrientationPortraitUpsideDown UIInterfaceOrientationLandscapeLeft UIInterfaceOrientationLandscapeRight";
				INFOPLIST_KEY_UISupportedInterfaceOrientations_iPhone = "UIInterfaceOrientationPortrait UIInterfaceOrientationLandscapeLeft UIInterfaceOrientationLandscapeRight";
				LD_RUNPATH_SEARCH_PATHS = (
					"$(inherited)",
					"@executable_path/Frameworks",
				);
				MARKETING_VERSION = 1.0;
				PRODUCT_BUNDLE_IDENTIFIER = nwmsu.InitialsApp;
				PRODUCT_NAME = "$(TARGET_NAME)";
				SWIFT_EMIT_LOC_STRINGS = YES;
				SWIFT_VERSION = 5.0;
				TARGETED_DEVICE_FAMILY = "1,2";
			};
			name = Debug;
		};
		D72C1EFB2B72938800F65EF0 /* Release */ = {
			isa = XCBuildConfiguration;
			buildSettings = {
				ASSETCATALOG_COMPILER_APPICON_NAME = AppIcon;
				ASSETCATALOG_COMPILER_GLOBAL_ACCENT_COLOR_NAME = AccentColor;
				CODE_SIGN_STYLE = Automatic;
				CURRENT_PROJECT_VERSION = 1;
				GENERATE_INFOPLIST_FILE = YES;
				INFOPLIST_FILE = InitialsApp/Info.plist;
				INFOPLIST_KEY_CFBundleDisplayName = Initials;
				INFOPLIST_KEY_UIApplicationSupportsIndirectInputEvents = YES;
				INFOPLIST_KEY_UILaunchStoryboardName = LaunchScreen;
				INFOPLIST_KEY_UIMainStoryboardFile = Main;
				INFOPLIST_KEY_UISupportedInterfaceOrientations_iPad = "UIInterfaceOrientationPortrait UIInterfaceOrientationPortraitUpsideDown UIInterfaceOrientationLandscapeLeft UIInterfaceOrientationLandscapeRight";
				INFOPLIST_KEY_UISupportedInterfaceOrientations_iPhone = "UIInterfaceOrientationPortrait UIInterfaceOrientationLandscapeLeft UIInterfaceOrientationLandscapeRight";
				LD_RUNPATH_SEARCH_PATHS = (
					"$(inherited)",
					"@executable_path/Frameworks",
				);
				MARKETING_VERSION = 1.0;
				PRODUCT_BUNDLE_IDENTIFIER = nwmsu.InitialsApp;
				PRODUCT_NAME = "$(TARGET_NAME)";
				SWIFT_EMIT_LOC_STRINGS = YES;
				SWIFT_VERSION = 5.0;
				TARGETED_DEVICE_FAMILY = "1,2";
			};
			name = Release;
		};
		D72C1EFD2B72938800F65EF0 /* Debug */ = {
			isa = XCBuildConfiguration;
			buildSettings = {
				ALWAYS_EMBED_SWIFT_STANDARD_LIBRARIES = YES;
				BUNDLE_LOADER = "$(TEST_HOST)";
				CODE_SIGN_STYLE = Automatic;
				CURRENT_PROJECT_VERSION = 1;
				GENERATE_INFOPLIST_FILE = YES;
				IPHONEOS_DEPLOYMENT_TARGET = 17.2;
				MARKETING_VERSION = 1.0;
				PRODUCT_BUNDLE_IDENTIFIER = nwmsu.InitialsAppTests;
				PRODUCT_NAME = "$(TARGET_NAME)";
				SWIFT_EMIT_LOC_STRINGS = NO;
				SWIFT_VERSION = 5.0;
				TARGETED_DEVICE_FAMILY = "1,2";
				TEST_HOST = "$(BUILT_PRODUCTS_DIR)/InitialsApp.app/$(BUNDLE_EXECUTABLE_FOLDER_PATH)/InitialsApp";
			};
			name = Debug;
		};
		D72C1EFE2B72938800F65EF0 /* Release */ = {
			isa = XCBuildConfiguration;
			buildSettings = {
				ALWAYS_EMBED_SWIFT_STANDARD_LIBRARIES = YES;
				BUNDLE_LOADER = "$(TEST_HOST)";
				CODE_SIGN_STYLE = Automatic;
				CURRENT_PROJECT_VERSION = 1;
				GENERATE_INFOPLIST_FILE = YES;
				IPHONEOS_DEPLOYMENT_TARGET = 17.2;
				MARKETING_VERSION = 1.0;
				PRODUCT_BUNDLE_IDENTIFIER = nwmsu.InitialsAppTests;
				PRODUCT_NAME = "$(TARGET_NAME)";
				SWIFT_EMIT_LOC_STRINGS = NO;
				SWIFT_VERSION = 5.0;
				TARGETED_DEVICE_FAMILY = "1,2";
				TEST_HOST = "$(BUILT_PRODUCTS_DIR)/InitialsApp.app/$(BUNDLE_EXECUTABLE_FOLDER_PATH)/InitialsApp";
			};
			name = Release;
		};
		D72C1F002B72938800F65EF0 /* Debug */ = {
			isa = XCBuildConfiguration;
			buildSettings = {
				ALWAYS_EMBED_SWIFT_STANDARD_LIBRARIES = YES;
				CODE_SIGN_STYLE = Automatic;
				CURRENT_PROJECT_VERSION = 1;
				GENERATE_INFOPLIST_FILE = YES;
				MARKETING_VERSION = 1.0;
				PRODUCT_BUNDLE_IDENTIFIER = nwmsu.InitialsAppUITests;
				PRODUCT_NAME = "$(TARGET_NAME)";
				SWIFT_EMIT_LOC_STRINGS = NO;
				SWIFT_VERSION = 5.0;
				TARGETED_DEVICE_FAMILY = "1,2";
				TEST_TARGET_NAME = InitialsApp;
			};
			name = Debug;
		};
		D72C1F012B72938800F65EF0 /* Release */ = {
			isa = XCBuildConfiguration;
			buildSettings = {
				ALWAYS_EMBED_SWIFT_STANDARD_LIBRARIES = YES;
				CODE_SIGN_STYLE = Automatic;
				CURRENT_PROJECT_VERSION = 1;
				GENERATE_INFOPLIST_FILE = YES;
				MARKETING_VERSION = 1.0;
				PRODUCT_BUNDLE_IDENTIFIER = nwmsu.InitialsAppUITests;
				PRODUCT_NAME = "$(TARGET_NAME)";
				SWIFT_EMIT_LOC_STRINGS = NO;
				SWIFT_VERSION = 5.0;
				TARGETED_DEVICE_FAMILY = "1,2";
				TEST_TARGET_NAME = InitialsApp;
			};
			name = Release;
		};
/* End XCBuildConfiguration section */

/* Begin XCConfigurationList section */
		D72C1ECA2B72938500F65EF0 /* Build configuration list for PBXProject "InitialsApp" */ = {
			isa = XCConfigurationList;
			buildConfigurations = (
				D72C1EF72B72938800F65EF0 /* Debug */,
				D72C1EF82B72938800F65EF0 /* Release */,
			);
			defaultConfigurationIsVisible = 0;
			defaultConfigurationName = Release;
		};
		D72C1EF92B72938800F65EF0 /* Build configuration list for PBXNativeTarget "InitialsApp" */ = {
			isa = XCConfigurationList;
			buildConfigurations = (
				D72C1EFA2B72938800F65EF0 /* Debug */,
				D72C1EFB2B72938800F65EF0 /* Release */,
			);
			defaultConfigurationIsVisible = 0;
			defaultConfigurationName = Release;
		};
		D72C1EFC2B72938800F65EF0 /* Build configuration list for PBXNativeTarget "InitialsAppTests" */ = {
			isa = XCConfigurationList;
			buildConfigurations = (
				D72C1EFD2B72938800F65EF0 /* Debug */,
				D72C1EFE2B72938800F65EF0 /* Release */,
			);
			defaultConfigurationIsVisible = 0;
			defaultConfigurationName = Release;
		};
		D72C1EFF2B72938800F65EF0 /* Build configuration list for PBXNativeTarget "InitialsAppUITests" */ = {
			isa = XCConfigurationList;
			buildConfigurations = (
				D72C1F002B72938800F65EF0 /* Debug */,
				D72C1F012B72938800F65EF0 /* Release */,
			);
			defaultConfigurationIsVisible = 0;
			defaultConfigurationName = Release;
		};
/* End XCConfigurationList section */
	};
	rootObject = D72C1EC72B72938500F65EF0 /* Project object */;
}
