// !$*UTF8*$!
{
	archiveVersion = 1;
	classes = {
	};
	objectVersion = 56;
	objects = {

/* Begin PBXBuildFile section */
		D71EA5F42B9A172500BCC849 /* AppDelegate.swift in Sources */ = {isa = PBXBuildFile; fileRef = D71EA5F32B9A172500BCC849 /* AppDelegate.swift */; };
		D71EA5F62B9A172500BCC849 /* SceneDelegate.swift in Sources */ = {isa = PBXBuildFile; fileRef = D71EA5F52B9A172500BCC849 /* SceneDelegate.swift */; };
		D71EA5F82B9A172500BCC849 /* ViewController.swift in Sources */ = {isa = PBXBuildFile; fileRef = D71EA5F72B9A172500BCC849 /* ViewController.swift */; };
		D71EA5FB2B9A172500BCC849 /* Main.storyboard in Resources */ = {isa = PBXBuildFile; fileRef = D71EA5F92B9A172500BCC849 /* Main.storyboard */; };
		D71EA5FD2B9A172E00BCC849 /* Assets.xcassets in Resources */ = {isa = PBXBuildFile; fileRef = D71EA5FC2B9A172E00BCC849 /* Assets.xcassets */; };
		D71EA6002B9A172E00BCC849 /* LaunchScreen.storyboard in Resources */ = {isa = PBXBuildFile; fileRef = D71EA5FE2B9A172E00BCC849 /* LaunchScreen.storyboard */; };
		D71EA60B2B9A172E00BCC849 /* AnimationsDemoTests.swift in Sources */ = {isa = PBXBuildFile; fileRef = D71EA60A2B9A172E00BCC849 /* AnimationsDemoTests.swift */; };
		D71EA6152B9A172E00BCC849 /* AnimationsDemoUITests.swift in Sources */ = {isa = PBXBuildFile; fileRef = D71EA6142B9A172E00BCC849 /* AnimationsDemoUITests.swift */; };
		D71EA6172B9A172E00BCC849 /* AnimationsDemoUITestsLaunchTests.swift in Sources */ = {isa = PBXBuildFile; fileRef = D71EA6162B9A172E00BCC849 /* AnimationsDemoUITestsLaunchTests.swift */; };
/* End PBXBuildFile section */

/* Begin PBXContainerItemProxy section */
		D71EA6072B9A172E00BCC849 /* PBXContainerItemProxy */ = {
			isa = PBXContainerItemProxy;
			containerPortal = D71EA5E82B9A172500BCC849 /* Project object */;
			proxyType = 1;
			remoteGlobalIDString = D71EA5EF2B9A172500BCC849;
			remoteInfo = AnimationsDemo;
		};
		D71EA6112B9A172E00BCC849 /* PBXContainerItemProxy */ = {
			isa = PBXContainerItemProxy;
			containerPortal = D71EA5E82B9A172500BCC849 /* Project object */;
			proxyType = 1;
			remoteGlobalIDString = D71EA5EF2B9A172500BCC849;
			remoteInfo = AnimationsDemo;
		};
/* End PBXContainerItemProxy section */

/* Begin PBXFileReference section */
		D71EA5F02B9A172500BCC849 /* AnimationsDemo.app */ = {isa = PBXFileReference; explicitFileType = wrapper.application; includeInIndex = 0; path = AnimationsDemo.app; sourceTree = BUILT_PRODUCTS_DIR; };
		D71EA5F32B9A172500BCC849 /* AppDelegate.swift */ = {isa = PBXFileReference; lastKnownFileType = sourcecode.swift; path = AppDelegate.swift; sourceTree = "<group>"; };
		D71EA5F52B9A172500BCC849 /* SceneDelegate.swift */ = {isa = PBXFileReference; lastKnownFileType = sourcecode.swift; path = SceneDelegate.swift; sourceTree = "<group>"; };
		D71EA5F72B9A172500BCC849 /* ViewController.swift */ = {isa = PBXFileReference; lastKnownFileType = sourcecode.swift; path = ViewController.swift; sourceTree = "<group>"; };
		D71EA5FA2B9A172500BCC849 /* Base */ = {isa = PBXFileReference; lastKnownFileType = file.storyboard; name = Base; path = Base.lproj/Main.storyboard; sourceTree = "<group>"; };
		D71EA5FC2B9A172E00BCC849 /* Assets.xcassets */ = {isa = PBXFileReference; lastKnownFileType = folder.assetcatalog; path = Assets.xcassets; sourceTree = "<group>"; };
		D71EA5FF2B9A172E00BCC849 /* Base */ = {isa = PBXFileReference; lastKnownFileType = file.storyboard; name = Base; path = Base.lproj/LaunchScreen.storyboard; sourceTree = "<group>"; };
		D71EA6012B9A172E00BCC849 /* Info.plist */ = {isa = PBXFileReference; lastKnownFileType = text.plist.xml; path = Info.plist; sourceTree = "<group>"; };
		D71EA6062B9A172E00BCC849 /* AnimationsDemoTests.xctest */ = {isa = PBXFileReference; explicitFileType = wrapper.cfbundle; includeInIndex = 0; path = AnimationsDemoTests.xctest; sourceTree = BUILT_PRODUCTS_DIR; };
		D71EA60A2B9A172E00BCC849 /* AnimationsDemoTests.swift */ = {isa = PBXFileReference; lastKnownFileType = sourcecode.swift; path = AnimationsDemoTests.swift; sourceTree = "<group>"; };
		D71EA6102B9A172E00BCC849 /* AnimationsDemoUITests.xctest */ = {isa = PBXFileReference; explicitFileType = wrapper.cfbundle; includeInIndex = 0; path = AnimationsDemoUITests.xctest; sourceTree = BUILT_PRODUCTS_DIR; };
		D71EA6142B9A172E00BCC849 /* AnimationsDemoUITests.swift */ = {isa = PBXFileReference; lastKnownFileType = sourcecode.swift; path = AnimationsDemoUITests.swift; sourceTree = "<group>"; };
		D71EA6162B9A172E00BCC849 /* AnimationsDemoUITestsLaunchTests.swift */ = {isa = PBXFileReference; lastKnownFileType = sourcecode.swift; path = AnimationsDemoUITestsLaunchTests.swift; sourceTree = "<group>"; };
/* End PBXFileReference section */

/* Begin PBXFrameworksBuildPhase section */
		D71EA5ED2B9A172500BCC849 /* Frameworks */ = {
			isa = PBXFrameworksBuildPhase;
			buildActionMask = 2147483647;
			files = (
			);
			runOnlyForDeploymentPostprocessing = 0;
		};
		D71EA6032B9A172E00BCC849 /* Frameworks */ = {
			isa = PBXFrameworksBuildPhase;
			buildActionMask = 2147483647;
			files = (
			);
			runOnlyForDeploymentPostprocessing = 0;
		};
		D71EA60D2B9A172E00BCC849 /* Frameworks */ = {
			isa = PBXFrameworksBuildPhase;
			buildActionMask = 2147483647;
			files = (
			);
			runOnlyForDeploymentPostprocessing = 0;
		};
/* End PBXFrameworksBuildPhase section */

/* Begin PBXGroup section */
		D71EA5E72B9A172500BCC849 = {
			isa = PBXGroup;
			children = (
				D71EA5F22B9A172500BCC849 /* AnimationsDemo */,
				D71EA6092B9A172E00BCC849 /* AnimationsDemoTests */,
				D71EA6132B9A172E00BCC849 /* AnimationsDemoUITests */,
				D71EA5F12B9A172500BCC849 /* Products */,
			);
			sourceTree = "<group>";
		};
		D71EA5F12B9A172500BCC849 /* Products */ = {
			isa = PBXGroup;
			children = (
				D71EA5F02B9A172500BCC849 /* AnimationsDemo.app */,
				D71EA6062B9A172E00BCC849 /* AnimationsDemoTests.xctest */,
				D71EA6102B9A172E00BCC849 /* AnimationsDemoUITests.xctest */,
			);
			name = Products;
			sourceTree = "<group>";
		};
		D71EA5F22B9A172500BCC849 /* AnimationsDemo */ = {
			isa = PBXGroup;
			children = (
				D71EA5F32B9A172500BCC849 /* AppDelegate.swift */,
				D71EA5F52B9A172500BCC849 /* SceneDelegate.swift */,
				D71EA5F72B9A172500BCC849 /* ViewController.swift */,
				D71EA5F92B9A172500BCC849 /* Main.storyboard */,
				D71EA5FC2B9A172E00BCC849 /* Assets.xcassets */,
				D71EA5FE2B9A172E00BCC849 /* LaunchScreen.storyboard */,
				D71EA6012B9A172E00BCC849 /* Info.plist */,
			);
			path = AnimationsDemo;
			sourceTree = "<group>";
		};
		D71EA6092B9A172E00BCC849 /* AnimationsDemoTests */ = {
			isa = PBXGroup;
			children = (
				D71EA60A2B9A172E00BCC849 /* AnimationsDemoTests.swift */,
			);
			path = AnimationsDemoTests;
			sourceTree = "<group>";
		};
		D71EA6132B9A172E00BCC849 /* AnimationsDemoUITests */ = {
			isa = PBXGroup;
			children = (
				D71EA6142B9A172E00BCC849 /* AnimationsDemoUITests.swift */,
				D71EA6162B9A172E00BCC849 /* AnimationsDemoUITestsLaunchTests.swift */,
			);
			path = AnimationsDemoUITests;
			sourceTree = "<group>";
		};
/* End PBXGroup section */

/* Begin PBXNativeTarget section */
		D71EA5EF2B9A172500BCC849 /* AnimationsDemo */ = {
			isa = PBXNativeTarget;
			buildConfigurationList = D71EA61A2B9A172E00BCC849 /* Build configuration list for PBXNativeTarget "AnimationsDemo" */;
			buildPhases = (
				D71EA5EC2B9A172500BCC849 /* Sources */,
				D71EA5ED2B9A172500BCC849 /* Frameworks */,
				D71EA5EE2B9A172500BCC849 /* Resources */,
			);
			buildRules = (
			);
			dependencies = (
			);
			name = AnimationsDemo;
			productName = AnimationsDemo;
			productReference = D71EA5F02B9A172500BCC849 /* AnimationsDemo.app */;
			productType = "com.apple.product-type.application";
		};
		D71EA6052B9A172E00BCC849 /* AnimationsDemoTests */ = {
			isa = PBXNativeTarget;
			buildConfigurationList = D71EA61D2B9A172E00BCC849 /* Build configuration list for PBXNativeTarget "AnimationsDemoTests" */;
			buildPhases = (
				D71EA6022B9A172E00BCC849 /* Sources */,
				D71EA6032B9A172E00BCC849 /* Frameworks */,
				D71EA6042B9A172E00BCC849 /* Resources */,
			);
			buildRules = (
			);
			dependencies = (
				D71EA6082B9A172E00BCC849 /* PBXTargetDependency */,
			);
			name = AnimationsDemoTests;
			productName = AnimationsDemoTests;
			productReference = D71EA6062B9A172E00BCC849 /* AnimationsDemoTests.xctest */;
			productType = "com.apple.product-type.bundle.unit-test";
		};
		D71EA60F2B9A172E00BCC849 /* AnimationsDemoUITests */ = {
			isa = PBXNativeTarget;
			buildConfigurationList = D71EA6202B9A172E00BCC849 /* Build configuration list for PBXNativeTarget "AnimationsDemoUITests" */;
			buildPhases = (
				D71EA60C2B9A172E00BCC849 /* Sources */,
				D71EA60D2B9A172E00BCC849 /* Frameworks */,
				D71EA60E2B9A172E00BCC849 /* Resources */,
			);
			buildRules = (
			);
			dependencies = (
				D71EA6122B9A172E00BCC849 /* PBXTargetDependency */,
			);
			name = AnimationsDemoUITests;
			productName = AnimationsDemoUITests;
			productReference = D71EA6102B9A172E00BCC849 /* AnimationsDemoUITests.xctest */;
			productType = "com.apple.product-type.bundle.ui-testing";
		};
/* End PBXNativeTarget section */

/* Begin PBXProject section */
		D71EA5E82B9A172500BCC849 /* Project object */ = {
			isa = PBXProject;
			attributes = {
				BuildIndependentTargetsInParallel = 1;
				LastSwiftUpdateCheck = 1520;
				LastUpgradeCheck = 1520;
				TargetAttributes = {
					D71EA5EF2B9A172500BCC849 = {
						CreatedOnToolsVersion = 15.2;
					};
					D71EA6052B9A172E00BCC849 = {
						CreatedOnToolsVersion = 15.2;
						TestTargetID = D71EA5EF2B9A172500BCC849;
					};
					D71EA60F2B9A172E00BCC849 = {
						CreatedOnToolsVersion = 15.2;
						TestTargetID = D71EA5EF2B9A172500BCC849;
					};
				};
			};
			buildConfigurationList = D71EA5EB2B9A172500BCC849 /* Build configuration list for PBXProject "AnimationsDemo" */;
			compatibilityVersion = "Xcode 14.0";
			developmentRegion = en;
			hasScannedForEncodings = 0;
			knownRegions = (
				en,
				Base,
			);
			mainGroup = D71EA5E72B9A172500BCC849;
			productRefGroup = D71EA5F12B9A172500BCC849 /* Products */;
			projectDirPath = "";
			projectRoot = "";
			targets = (
				D71EA5EF2B9A172500BCC849 /* AnimationsDemo */,
				D71EA6052B9A172E00BCC849 /* AnimationsDemoTests */,
				D71EA60F2B9A172E00BCC849 /* AnimationsDemoUITests */,
			);
		};
/* End PBXProject section */

/* Begin PBXResourcesBuildPhase section */
		D71EA5EE2B9A172500BCC849 /* Resources */ = {
			isa = PBXResourcesBuildPhase;
			buildActionMask = 2147483647;
			files = (
				D71EA6002B9A172E00BCC849 /* LaunchScreen.storyboard in Resources */,
				D71EA5FD2B9A172E00BCC849 /* Assets.xcassets in Resources */,
				D71EA5FB2B9A172500BCC849 /* Main.storyboard in Resources */,
			);
			runOnlyForDeploymentPostprocessing = 0;
		};
		D71EA6042B9A172E00BCC849 /* Resources */ = {
			isa = PBXResourcesBuildPhase;
			buildActionMask = 2147483647;
			files = (
			);
			runOnlyForDeploymentPostprocessing = 0;
		};
		D71EA60E2B9A172E00BCC849 /* Resources */ = {
			isa = PBXResourcesBuildPhase;
			buildActionMask = 2147483647;
			files = (
			);
			runOnlyForDeploymentPostprocessing = 0;
		};
/* End PBXResourcesBuildPhase section */

/* Begin PBXSourcesBuildPhase section */
		D71EA5EC2B9A172500BCC849 /* Sources */ = {
			isa = PBXSourcesBuildPhase;
			buildActionMask = 2147483647;
			files = (
				D71EA5F82B9A172500BCC849 /* ViewController.swift in Sources */,
				D71EA5F42B9A172500BCC849 /* AppDelegate.swift in Sources */,
				D71EA5F62B9A172500BCC849 /* SceneDelegate.swift in Sources */,
			);
			runOnlyForDeploymentPostprocessing = 0;
		};
		D71EA6022B9A172E00BCC849 /* Sources */ = {
			isa = PBXSourcesBuildPhase;
			buildActionMask = 2147483647;
			files = (
				D71EA60B2B9A172E00BCC849 /* AnimationsDemoTests.swift in Sources */,
			);
			runOnlyForDeploymentPostprocessing = 0;
		};
		D71EA60C2B9A172E00BCC849 /* Sources */ = {
			isa = PBXSourcesBuildPhase;
			buildActionMask = 2147483647;
			files = (
				D71EA6172B9A172E00BCC849 /* AnimationsDemoUITestsLaunchTests.swift in Sources */,
				D71EA6152B9A172E00BCC849 /* AnimationsDemoUITests.swift in Sources */,
			);
			runOnlyForDeploymentPostprocessing = 0;
		};
/* End PBXSourcesBuildPhase section */

/* Begin PBXTargetDependency section */
		D71EA6082B9A172E00BCC849 /* PBXTargetDependency */ = {
			isa = PBXTargetDependency;
			target = D71EA5EF2B9A172500BCC849 /* AnimationsDemo */;
			targetProxy = D71EA6072B9A172E00BCC849 /* PBXContainerItemProxy */;
		};
		D71EA6122B9A172E00BCC849 /* PBXTargetDependency */ = {
			isa = PBXTargetDependency;
			target = D71EA5EF2B9A172500BCC849 /* AnimationsDemo */;
			targetProxy = D71EA6112B9A172E00BCC849 /* PBXContainerItemProxy */;
		};
/* End PBXTargetDependency section */

/* Begin PBXVariantGroup section */
		D71EA5F92B9A172500BCC849 /* Main.storyboard */ = {
			isa = PBXVariantGroup;
			children = (
				D71EA5FA2B9A172500BCC849 /* Base */,
			);
			name = Main.storyboard;
			sourceTree = "<group>";
		};
		D71EA5FE2B9A172E00BCC849 /* LaunchScreen.storyboard */ = {
			isa = PBXVariantGroup;
			children = (
				D71EA5FF2B9A172E00BCC849 /* Base */,
			);
			name = LaunchScreen.storyboard;
			sourceTree = "<group>";
		};
/* End PBXVariantGroup section */

/* Begin XCBuildConfiguration section */
		D71EA6182B9A172E00BCC849 /* Debug */ = {
			isa = XCBuildConfiguration;
			buildSettings = {
				ALWAYS_SEARCH_USER_PATHS = NO;
				ASSETCATALOG_COMPILER_GENERATE_SWIFT_ASSET_SYMBOL_EXTENSIONS = YES;
				CLANG_ANALYZER_NONNULL = YES;
				CLANG_ANALYZER_NUMBER_OBJECT_CONVERSION = YES_AGGRESSIVE;
				CLANG_CXX_LANGUAGE_STANDARD = "gnu++20";
				CLANG_ENABLE_MODULES = YES;
				CLANG_ENABLE_OBJC_ARC = YES;
				CLANG_ENABLE_OBJC_WEAK = YES;
				CLANG_WARN_BLOCK_CAPTURE_AUTORELEASING = YES;
				CLANG_WARN_BOOL_CONVERSION = YES;
				CLANG_WARN_COMMA = YES;
				CLANG_WARN_CONSTANT_CONVERSION = YES;
				CLANG_WARN_DEPRECATED_OBJC_IMPLEMENTATIONS = YES;
				CLANG_WARN_DIRECT_OBJC_ISA_USAGE = YES_ERROR;
				CLANG_WARN_DOCUMENTATION_COMMENTS = YES;
				CLANG_WARN_EMPTY_BODY = YES;
				CLANG_WARN_ENUM_CONVERSION = YES;
				CLANG_WARN_INFINITE_RECURSION = YES;
				CLANG_WARN_INT_CONVERSION = YES;
				CLANG_WARN_NON_LITERAL_NULL_CONVERSION = YES;
				CLANG_WARN_OBJC_IMPLICIT_RETAIN_SELF = YES;
				CLANG_WARN_OBJC_LITERAL_CONVERSION = YES;
				CLANG_WARN_OBJC_ROOT_CLASS = YES_ERROR;
				CLANG_WARN_QUOTED_INCLUDE_IN_FRAMEWORK_HEADER = YES;
				CLANG_WARN_RANGE_LOOP_ANALYSIS = YES;
				CLANG_WARN_STRICT_PROTOTYPES = YES;
				CLANG_WARN_SUSPICIOUS_MOVE = YES;
				CLANG_WARN_UNGUARDED_AVAILABILITY = YES_AGGRESSIVE;
				CLANG_WARN_UNREACHABLE_CODE = YES;
				CLANG_WARN__DUPLICATE_METHOD_MATCH = YES;
				COPY_PHASE_STRIP = NO;
				DEBUG_INFORMATION_FORMAT = dwarf;
				ENABLE_STRICT_OBJC_MSGSEND = YES;
				ENABLE_TESTABILITY = YES;
				ENABLE_USER_SCRIPT_SANDBOXING = YES;
				GCC_C_LANGUAGE_STANDARD = gnu17;
				GCC_DYNAMIC_NO_PIC = NO;
				GCC_NO_COMMON_BLOCKS = YES;
				GCC_OPTIMIZATION_LEVEL = 0;
				GCC_PREPROCESSOR_DEFINITIONS = (
					"DEBUG=1",
					"$(inherited)",
				);
				GCC_WARN_64_TO_32_BIT_CONVERSION = YES;
				GCC_WARN_ABOUT_RETURN_TYPE = YES_ERROR;
				GCC_WARN_UNDECLARED_SELECTOR = YES;
				GCC_WARN_UNINITIALIZED_AUTOS = YES_AGGRESSIVE;
				GCC_WARN_UNUSED_FUNCTION = YES;
				GCC_WARN_UNUSED_VARIABLE = YES;
				IPHONEOS_DEPLOYMENT_TARGET = 17.2;
				LOCALIZATION_PREFERS_STRING_CATALOGS = YES;
				MTL_ENABLE_DEBUG_INFO = INCLUDE_SOURCE;
				MTL_FAST_MATH = YES;
				ONLY_ACTIVE_ARCH = YES;
				SDKROOT = iphoneos;
				SWIFT_ACTIVE_COMPILATION_CONDITIONS = "DEBUG $(inherited)";
				SWIFT_OPTIMIZATION_LEVEL = "-Onone";
			};
			name = Debug;
		};
		D71EA6192B9A172E00BCC849 /* Release */ = {
			isa = XCBuildConfiguration;
			buildSettings = {
				ALWAYS_SEARCH_USER_PATHS = NO;
				ASSETCATALOG_COMPILER_GENERATE_SWIFT_ASSET_SYMBOL_EXTENSIONS = YES;
				CLANG_ANALYZER_NONNULL = YES;
				CLANG_ANALYZER_NUMBER_OBJECT_CONVERSION = YES_AGGRESSIVE;
				CLANG_CXX_LANGUAGE_STANDARD = "gnu++20";
				CLANG_ENABLE_MODULES = YES;
				CLANG_ENABLE_OBJC_ARC = YES;
				CLANG_ENABLE_OBJC_WEAK = YES;
				CLANG_WARN_BLOCK_CAPTURE_AUTORELEASING = YES;
				CLANG_WARN_BOOL_CONVERSION = YES;
				CLANG_WARN_COMMA = YES;
				CLANG_WARN_CONSTANT_CONVERSION = YES;
				CLANG_WARN_DEPRECATED_OBJC_IMPLEMENTATIONS = YES;
				CLANG_WARN_DIRECT_OBJC_ISA_USAGE = YES_ERROR;
				CLANG_WARN_DOCUMENTATION_COMMENTS = YES;
				CLANG_WARN_EMPTY_BODY = YES;
				CLANG_WARN_ENUM_CONVERSION = YES;
				CLANG_WARN_INFINITE_RECURSION = YES;
				CLANG_WARN_INT_CONVERSION = YES;
				CLANG_WARN_NON_LITERAL_NULL_CONVERSION = YES;
				CLANG_WARN_OBJC_IMPLICIT_RETAIN_SELF = YES;
				CLANG_WARN_OBJC_LITERAL_CONVERSION = YES;
				CLANG_WARN_OBJC_ROOT_CLASS = YES_ERROR;
				CLANG_WARN_QUOTED_INCLUDE_IN_FRAMEWORK_HEADER = YES;
				CLANG_WARN_RANGE_LOOP_ANALYSIS = YES;
				CLANG_WARN_STRICT_PROTOTYPES = YES;
				CLANG_WARN_SUSPICIOUS_MOVE = YES;
				CLANG_WARN_UNGUARDED_AVAILABILITY = YES_AGGRESSIVE;
				CLANG_WARN_UNREACHABLE_CODE = YES;
				CLANG_WARN__DUPLICATE_METHOD_MATCH = YES;
				COPY_PHASE_STRIP = NO;
				DEBUG_INFORMATION_FORMAT = "dwarf-with-dsym";
				ENABLE_NS_ASSERTIONS = NO;
				ENABLE_STRICT_OBJC_MSGSEND = YES;
				ENABLE_USER_SCRIPT_SANDBOXING = YES;
				GCC_C_LANGUAGE_STANDARD = gnu17;
				GCC_NO_COMMON_BLOCKS = YES;
				GCC_WARN_64_TO_32_BIT_CONVERSION = YES;
				GCC_WARN_ABOUT_RETURN_TYPE = YES_ERROR;
				GCC_WARN_UNDECLARED_SELECTOR = YES;
				GCC_WARN_UNINITIALIZED_AUTOS = YES_AGGRESSIVE;
				GCC_WARN_UNUSED_FUNCTION = YES;
				GCC_WARN_UNUSED_VARIABLE = YES;
				IPHONEOS_DEPLOYMENT_TARGET = 17.2;
				LOCALIZATION_PREFERS_STRING_CATALOGS = YES;
				MTL_ENABLE_DEBUG_INFO = NO;
				MTL_FAST_MATH = YES;
				SDKROOT = iphoneos;
				SWIFT_COMPILATION_MODE = wholemodule;
				VALIDATE_PRODUCT = YES;
			};
			name = Release;
		};
		D71EA61B2B9A172E00BCC849 /* Debug */ = {
			isa = XCBuildConfiguration;
			buildSettings = {
				ASSETCATALOG_COMPILER_APPICON_NAME = AppIcon;
				ASSETCATALOG_COMPILER_GLOBAL_ACCENT_COLOR_NAME = AccentColor;
				CODE_SIGN_STYLE = Automatic;
				CURRENT_PROJECT_VERSION = 1;
				GENERATE_INFOPLIST_FILE = YES;
				INFOPLIST_FILE = AnimationsDemo/Info.plist;
				INFOPLIST_KEY_UIApplicationSupportsIndirectInputEvents = YES;
				INFOPLIST_KEY_UILaunchStoryboardName = LaunchScreen;
				INFOPLIST_KEY_UIMainStoryboardFile = Main;
				INFOPLIST_KEY_UISupportedInterfaceOrientations_iPad = "UIInterfaceOrientationPortrait UIInterfaceOrientationPortraitUpsideDown UIInterfaceOrientationLandscapeLeft UIInterfaceOrientationLandscapeRight";
				INFOPLIST_KEY_UISupportedInterfaceOrientations_iPhone = "UIInterfaceOrientationPortrait UIInterfaceOrientationLandscapeLeft UIInterfaceOrientationLandscapeRight";
				IPHONEOS_DEPLOYMENT_TARGET = 15.5;
				LD_RUNPATH_SEARCH_PATHS = (
					"$(inherited)",
					"@executable_path/Frameworks",
				);
				MARKETING_VERSION = 1.0;
				PRODUCT_BUNDLE_IDENTIFIER = nwmsu.AnimationsDemo;
				PRODUCT_NAME = "$(TARGET_NAME)";
				SWIFT_EMIT_LOC_STRINGS = YES;
				SWIFT_VERSION = 5.0;
				TARGETED_DEVICE_FAMILY = "1,2";
			};
			name = Debug;
		};
		D71EA61C2B9A172E00BCC849 /* Release */ = {
			isa = XCBuildConfiguration;
			buildSettings = {
				ASSETCATALOG_COMPILER_APPICON_NAME = AppIcon;
				ASSETCATALOG_COMPILER_GLOBAL_ACCENT_COLOR_NAME = AccentColor;
				CODE_SIGN_STYLE = Automatic;
				CURRENT_PROJECT_VERSION = 1;
				GENERATE_INFOPLIST_FILE = YES;
				INFOPLIST_FILE = AnimationsDemo/Info.plist;
				INFOPLIST_KEY_UIApplicationSupportsIndirectInputEvents = YES;
				INFOPLIST_KEY_UILaunchStoryboardName = LaunchScreen;
				INFOPLIST_KEY_UIMainStoryboardFile = Main;
				INFOPLIST_KEY_UISupportedInterfaceOrientations_iPad = "UIInterfaceOrientationPortrait UIInterfaceOrientationPortraitUpsideDown UIInterfaceOrientationLandscapeLeft UIInterfaceOrientationLandscapeRight";
				INFOPLIST_KEY_UISupportedInterfaceOrientations_iPhone = "UIInterfaceOrientationPortrait UIInterfaceOrientationLandscapeLeft UIInterfaceOrientationLandscapeRight";
				IPHONEOS_DEPLOYMENT_TARGET = 15.5;
				LD_RUNPATH_SEARCH_PATHS = (
					"$(inherited)",
					"@executable_path/Frameworks",
				);
				MARKETING_VERSION = 1.0;
				PRODUCT_BUNDLE_IDENTIFIER = nwmsu.AnimationsDemo;
				PRODUCT_NAME = "$(TARGET_NAME)";
				SWIFT_EMIT_LOC_STRINGS = YES;
				SWIFT_VERSION = 5.0;
				TARGETED_DEVICE_FAMILY = "1,2";
			};
			name = Release;
		};
		D71EA61E2B9A172E00BCC849 /* Debug */ = {
			isa = XCBuildConfiguration;
			buildSettings = {
				ALWAYS_EMBED_SWIFT_STANDARD_LIBRARIES = YES;
				BUNDLE_LOADER = "$(TEST_HOST)";
				CODE_SIGN_STYLE = Automatic;
				CURRENT_PROJECT_VERSION = 1;
				GENERATE_INFOPLIST_FILE = YES;
				IPHONEOS_DEPLOYMENT_TARGET = 17.2;
				MARKETING_VERSION = 1.0;
				PRODUCT_BUNDLE_IDENTIFIER = nwmsu.AnimationsDemoTests;
				PRODUCT_NAME = "$(TARGET_NAME)";
				SWIFT_EMIT_LOC_STRINGS = NO;
				SWIFT_VERSION = 5.0;
				TARGETED_DEVICE_FAMILY = "1,2";
				TEST_HOST = "$(BUILT_PRODUCTS_DIR)/AnimationsDemo.app/$(BUNDLE_EXECUTABLE_FOLDER_PATH)/AnimationsDemo";
			};
			name = Debug;
		};
		D71EA61F2B9A172E00BCC849 /* Release */ = {
			isa = XCBuildConfiguration;
			buildSettings = {
				ALWAYS_EMBED_SWIFT_STANDARD_LIBRARIES = YES;
				BUNDLE_LOADER = "$(TEST_HOST)";
				CODE_SIGN_STYLE = Automatic;
				CURRENT_PROJECT_VERSION = 1;
				GENERATE_INFOPLIST_FILE = YES;
				IPHONEOS_DEPLOYMENT_TARGET = 17.2;
				MARKETING_VERSION = 1.0;
				PRODUCT_BUNDLE_IDENTIFIER = nwmsu.AnimationsDemoTests;
				PRODUCT_NAME = "$(TARGET_NAME)";
				SWIFT_EMIT_LOC_STRINGS = NO;
				SWIFT_VERSION = 5.0;
				TARGETED_DEVICE_FAMILY = "1,2";
				TEST_HOST = "$(BUILT_PRODUCTS_DIR)/AnimationsDemo.app/$(BUNDLE_EXECUTABLE_FOLDER_PATH)/AnimationsDemo";
			};
			name = Release;
		};
		D71EA6212B9A172E00BCC849 /* Debug */ = {
			isa = XCBuildConfiguration;
			buildSettings = {
				ALWAYS_EMBED_SWIFT_STANDARD_LIBRARIES = YES;
				CODE_SIGN_STYLE = Automatic;
				CURRENT_PROJECT_VERSION = 1;
				GENERATE_INFOPLIST_FILE = YES;
				MARKETING_VERSION = 1.0;
				PRODUCT_BUNDLE_IDENTIFIER = nwmsu.AnimationsDemoUITests;
				PRODUCT_NAME = "$(TARGET_NAME)";
				SWIFT_EMIT_LOC_STRINGS = NO;
				SWIFT_VERSION = 5.0;
				TARGETED_DEVICE_FAMILY = "1,2";
				TEST_TARGET_NAME = AnimationsDemo;
			};
			name = Debug;
		};
		D71EA6222B9A172E00BCC849 /* Release */ = {
			isa = XCBuildConfiguration;
			buildSettings = {
				ALWAYS_EMBED_SWIFT_STANDARD_LIBRARIES = YES;
				CODE_SIGN_STYLE = Automatic;
				CURRENT_PROJECT_VERSION = 1;
				GENERATE_INFOPLIST_FILE = YES;
				MARKETING_VERSION = 1.0;
				PRODUCT_BUNDLE_IDENTIFIER = nwmsu.AnimationsDemoUITests;
				PRODUCT_NAME = "$(TARGET_NAME)";
				SWIFT_EMIT_LOC_STRINGS = NO;
				SWIFT_VERSION = 5.0;
				TARGETED_DEVICE_FAMILY = "1,2";
				TEST_TARGET_NAME = AnimationsDemo;
			};
			name = Release;
		};
/* End XCBuildConfiguration section */

/* Begin XCConfigurationList section */
		D71EA5EB2B9A172500BCC849 /* Build configuration list for PBXProject "AnimationsDemo" */ = {
			isa = XCConfigurationList;
			buildConfigurations = (
				D71EA6182B9A172E00BCC849 /* Debug */,
				D71EA6192B9A172E00BCC849 /* Release */,
			);
			defaultConfigurationIsVisible = 0;
			defaultConfigurationName = Release;
		};
		D71EA61A2B9A172E00BCC849 /* Build configuration list for PBXNativeTarget "AnimationsDemo" */ = {
			isa = XCConfigurationList;
			buildConfigurations = (
				D71EA61B2B9A172E00BCC849 /* Debug */,
				D71EA61C2B9A172E00BCC849 /* Release */,
			);
			defaultConfigurationIsVisible = 0;
			defaultConfigurationName = Release;
		};
		D71EA61D2B9A172E00BCC849 /* Build configuration list for PBXNativeTarget "AnimationsDemoTests" */ = {
			isa = XCConfigurationList;
			buildConfigurations = (
				D71EA61E2B9A172E00BCC849 /* Debug */,
				D71EA61F2B9A172E00BCC849 /* Release */,
			);
			defaultConfigurationIsVisible = 0;
			defaultConfigurationName = Release;
		};
		D71EA6202B9A172E00BCC849 /* Build configuration list for PBXNativeTarget "AnimationsDemoUITests" */ = {
			isa = XCConfigurationList;
			buildConfigurations = (
				D71EA6212B9A172E00BCC849 /* Debug */,
				D71EA6222B9A172E00BCC849 /* Release */,
			);
			defaultConfigurationIsVisible = 0;
			defaultConfigurationName = Release;
		};
/* End XCConfigurationList section */
	};
	rootObject = D71EA5E82B9A172500BCC849 /* Project object */;
}
