// !$*UTF8*$!
{
	archiveVersion = 1;
	classes = {
	};
	objectVersion = 56;
	objects = {

/* Begin PBXBuildFile section */
		D794863B2B60148C00EA944D /* AppDelegate.swift in Sources */ = {isa = PBXBuildFile; fileRef = D794863A2B60148C00EA944D /* AppDelegate.swift */; };
		D794863D2B60148C00EA944D /* SceneDelegate.swift in Sources */ = {isa = PBXBuildFile; fileRef = D794863C2B60148C00EA944D /* SceneDelegate.swift */; };
		D794863F2B60148C00EA944D /* ViewController.swift in Sources */ = {isa = PBXBuildFile; fileRef = D794863E2B60148C00EA944D /* ViewController.swift */; };
		D79486422B60148C00EA944D /* Main.storyboard in Resources */ = {isa = PBXBuildFile; fileRef = D79486402B60148C00EA944D /* Main.storyboard */; };
		D79486442B60148D00EA944D /* Assets.xcassets in Resources */ = {isa = PBXBuildFile; fileRef = D79486432B60148D00EA944D /* Assets.xcassets */; };
		D79486472B60148D00EA944D /* LaunchScreen.storyboard in Resources */ = {isa = PBXBuildFile; fileRef = D79486452B60148D00EA944D /* LaunchScreen.storyboard */; };
		D79486522B60148D00EA944D /* RachakatlaHelloAppTests.swift in Sources */ = {isa = PBXBuildFile; fileRef = D79486512B60148D00EA944D /* RachakatlaHelloAppTests.swift */; };
		D794865C2B60148D00EA944D /* RachakatlaHelloAppUITests.swift in Sources */ = {isa = PBXBuildFile; fileRef = D794865B2B60148D00EA944D /* RachakatlaHelloAppUITests.swift */; };
		D794865E2B60148D00EA944D /* RachakatlaHelloAppUITestsLaunchTests.swift in Sources */ = {isa = PBXBuildFile; fileRef = D794865D2B60148D00EA944D /* RachakatlaHelloAppUITestsLaunchTests.swift */; };
/* End PBXBuildFile section */

/* Begin PBXContainerItemProxy section */
		D794864E2B60148D00EA944D /* PBXContainerItemProxy */ = {
			isa = PBXContainerItemProxy;
			containerPortal = D794862F2B60148C00EA944D /* Project object */;
			proxyType = 1;
			remoteGlobalIDString = D79486362B60148C00EA944D;
			remoteInfo = RachakatlaHelloApp;
		};
		D79486582B60148D00EA944D /* PBXContainerItemProxy */ = {
			isa = PBXContainerItemProxy;
			containerPortal = D794862F2B60148C00EA944D /* Project object */;
			proxyType = 1;
			remoteGlobalIDString = D79486362B60148C00EA944D;
			remoteInfo = RachakatlaHelloApp;
		};
/* End PBXContainerItemProxy section */

/* Begin PBXFileReference section */
		D79486372B60148C00EA944D /* RachakatlaHelloApp.app */ = {isa = PBXFileReference; explicitFileType = wrapper.application; includeInIndex = 0; path = RachakatlaHelloApp.app; sourceTree = BUILT_PRODUCTS_DIR; };
		D794863A2B60148C00EA944D /* AppDelegate.swift */ = {isa = PBXFileReference; lastKnownFileType = sourcecode.swift; path = AppDelegate.swift; sourceTree = "<group>"; };
		D794863C2B60148C00EA944D /* SceneDelegate.swift */ = {isa = PBXFileReference; lastKnownFileType = sourcecode.swift; path = SceneDelegate.swift; sourceTree = "<group>"; };
		D794863E2B60148C00EA944D /* ViewController.swift */ = {isa = PBXFileReference; lastKnownFileType = sourcecode.swift; path = ViewController.swift; sourceTree = "<group>"; };
		D79486412B60148C00EA944D /* Base */ = {isa = PBXFileReference; lastKnownFileType = file.storyboard; name = Base; path = Base.lproj/Main.storyboard; sourceTree = "<group>"; };
		D79486432B60148D00EA944D /* Assets.xcassets */ = {isa = PBXFileReference; lastKnownFileType = folder.assetcatalog; path = Assets.xcassets; sourceTree = "<group>"; };
		D79486462B60148D00EA944D /* Base */ = {isa = PBXFileReference; lastKnownFileType = file.storyboard; name = Base; path = Base.lproj/LaunchScreen.storyboard; sourceTree = "<group>"; };
		D79486482B60148D00EA944D /* Info.plist */ = {isa = PBXFileReference; lastKnownFileType = text.plist.xml; path = Info.plist; sourceTree = "<group>"; };
		D794864D2B60148D00EA944D /* RachakatlaHelloAppTests.xctest */ = {isa = PBXFileReference; explicitFileType = wrapper.cfbundle; includeInIndex = 0; path = RachakatlaHelloAppTests.xctest; sourceTree = BUILT_PRODUCTS_DIR; };
		D79486512B60148D00EA944D /* RachakatlaHelloAppTests.swift */ = {isa = PBXFileReference; lastKnownFileType = sourcecode.swift; path = RachakatlaHelloAppTests.swift; sourceTree = "<group>"; };
		D79486572B60148D00EA944D /* RachakatlaHelloAppUITests.xctest */ = {isa = PBXFileReference; explicitFileType = wrapper.cfbundle; includeInIndex = 0; path = RachakatlaHelloAppUITests.xctest; sourceTree = BUILT_PRODUCTS_DIR; };
		D794865B2B60148D00EA944D /* RachakatlaHelloAppUITests.swift */ = {isa = PBXFileReference; lastKnownFileType = sourcecode.swift; path = RachakatlaHelloAppUITests.swift; sourceTree = "<group>"; };
		D794865D2B60148D00EA944D /* RachakatlaHelloAppUITestsLaunchTests.swift */ = {isa = PBXFileReference; lastKnownFileType = sourcecode.swift; path = RachakatlaHelloAppUITestsLaunchTests.swift; sourceTree = "<group>"; };
/* End PBXFileReference section */

/* Begin PBXFrameworksBuildPhase section */
		D79486342B60148C00EA944D /* Frameworks */ = {
			isa = PBXFrameworksBuildPhase;
			buildActionMask = 2147483647;
			files = (
			);
			runOnlyForDeploymentPostprocessing = 0;
		};
		D794864A2B60148D00EA944D /* Frameworks */ = {
			isa = PBXFrameworksBuildPhase;
			buildActionMask = 2147483647;
			files = (
			);
			runOnlyForDeploymentPostprocessing = 0;
		};
		D79486542B60148D00EA944D /* Frameworks */ = {
			isa = PBXFrameworksBuildPhase;
			buildActionMask = 2147483647;
			files = (
			);
			runOnlyForDeploymentPostprocessing = 0;
		};
/* End PBXFrameworksBuildPhase section */

/* Begin PBXGroup section */
		D794862E2B60148C00EA944D = {
			isa = PBXGroup;
			children = (
				D79486392B60148C00EA944D /* RachakatlaHelloApp */,
				D79486502B60148D00EA944D /* RachakatlaHelloAppTests */,
				D794865A2B60148D00EA944D /* RachakatlaHelloAppUITests */,
				D79486382B60148C00EA944D /* Products */,
			);
			sourceTree = "<group>";
		};
		D79486382B60148C00EA944D /* Products */ = {
			isa = PBXGroup;
			children = (
				D79486372B60148C00EA944D /* RachakatlaHelloApp.app */,
				D794864D2B60148D00EA944D /* RachakatlaHelloAppTests.xctest */,
				D79486572B60148D00EA944D /* RachakatlaHelloAppUITests.xctest */,
			);
			name = Products;
			sourceTree = "<group>";
		};
		D79486392B60148C00EA944D /* RachakatlaHelloApp */ = {
			isa = PBXGroup;
			children = (
				D794863A2B60148C00EA944D /* AppDelegate.swift */,
				D794863C2B60148C00EA944D /* SceneDelegate.swift */,
				D794863E2B60148C00EA944D /* ViewController.swift */,
				D79486402B60148C00EA944D /* Main.storyboard */,
				D79486432B60148D00EA944D /* Assets.xcassets */,
				D79486452B60148D00EA944D /* LaunchScreen.storyboard */,
				D79486482B60148D00EA944D /* Info.plist */,
			);
			path = RachakatlaHelloApp;
			sourceTree = "<group>";
		};
		D79486502B60148D00EA944D /* RachakatlaHelloAppTests */ = {
			isa = PBXGroup;
			children = (
				D79486512B60148D00EA944D /* RachakatlaHelloAppTests.swift */,
			);
			path = RachakatlaHelloAppTests;
			sourceTree = "<group>";
		};
		D794865A2B60148D00EA944D /* RachakatlaHelloAppUITests */ = {
			isa = PBXGroup;
			children = (
				D794865B2B60148D00EA944D /* RachakatlaHelloAppUITests.swift */,
				D794865D2B60148D00EA944D /* RachakatlaHelloAppUITestsLaunchTests.swift */,
			);
			path = RachakatlaHelloAppUITests;
			sourceTree = "<group>";
		};
/* End PBXGroup section */

/* Begin PBXNativeTarget section */
		D79486362B60148C00EA944D /* RachakatlaHelloApp */ = {
			isa = PBXNativeTarget;
			buildConfigurationList = D79486612B60148D00EA944D /* Build configuration list for PBXNativeTarget "RachakatlaHelloApp" */;
			buildPhases = (
				D79486332B60148C00EA944D /* Sources */,
				D79486342B60148C00EA944D /* Frameworks */,
				D79486352B60148C00EA944D /* Resources */,
			);
			buildRules = (
			);
			dependencies = (
			);
			name = RachakatlaHelloApp;
			productName = RachakatlaHelloApp;
			productReference = D79486372B60148C00EA944D /* RachakatlaHelloApp.app */;
			productType = "com.apple.product-type.application";
		};
		D794864C2B60148D00EA944D /* RachakatlaHelloAppTests */ = {
			isa = PBXNativeTarget;
			buildConfigurationList = D79486642B60148D00EA944D /* Build configuration list for PBXNativeTarget "RachakatlaHelloAppTests" */;
			buildPhases = (
				D79486492B60148D00EA944D /* Sources */,
				D794864A2B60148D00EA944D /* Frameworks */,
				D794864B2B60148D00EA944D /* Resources */,
			);
			buildRules = (
			);
			dependencies = (
				D794864F2B60148D00EA944D /* PBXTargetDependency */,
			);
			name = RachakatlaHelloAppTests;
			productName = RachakatlaHelloAppTests;
			productReference = D794864D2B60148D00EA944D /* RachakatlaHelloAppTests.xctest */;
			productType = "com.apple.product-type.bundle.unit-test";
		};
		D79486562B60148D00EA944D /* RachakatlaHelloAppUITests */ = {
			isa = PBXNativeTarget;
			buildConfigurationList = D79486672B60148D00EA944D /* Build configuration list for PBXNativeTarget "RachakatlaHelloAppUITests" */;
			buildPhases = (
				D79486532B60148D00EA944D /* Sources */,
				D79486542B60148D00EA944D /* Frameworks */,
				D79486552B60148D00EA944D /* Resources */,
			);
			buildRules = (
			);
			dependencies = (
				D79486592B60148D00EA944D /* PBXTargetDependency */,
			);
			name = RachakatlaHelloAppUITests;
			productName = RachakatlaHelloAppUITests;
			productReference = D79486572B60148D00EA944D /* RachakatlaHelloAppUITests.xctest */;
			productType = "com.apple.product-type.bundle.ui-testing";
		};
/* End PBXNativeTarget section */

/* Begin PBXProject section */
		D794862F2B60148C00EA944D /* Project object */ = {
			isa = PBXProject;
			attributes = {
				BuildIndependentTargetsInParallel = 1;
				LastSwiftUpdateCheck = 1430;
				LastUpgradeCheck = 1430;
				TargetAttributes = {
					D79486362B60148C00EA944D = {
						CreatedOnToolsVersion = 14.3.1;
					};
					D794864C2B60148D00EA944D = {
						CreatedOnToolsVersion = 14.3.1;
						TestTargetID = D79486362B60148C00EA944D;
					};
					D79486562B60148D00EA944D = {
						CreatedOnToolsVersion = 14.3.1;
						TestTargetID = D79486362B60148C00EA944D;
					};
				};
			};
			buildConfigurationList = D79486322B60148C00EA944D /* Build configuration list for PBXProject "RachakatlaHelloApp" */;
			compatibilityVersion = "Xcode 14.0";
			developmentRegion = en;
			hasScannedForEncodings = 0;
			knownRegions = (
				en,
				Base,
			);
			mainGroup = D794862E2B60148C00EA944D;
			productRefGroup = D79486382B60148C00EA944D /* Products */;
			projectDirPath = "";
			projectRoot = "";
			targets = (
				D79486362B60148C00EA944D /* RachakatlaHelloApp */,
				D794864C2B60148D00EA944D /* RachakatlaHelloAppTests */,
				D79486562B60148D00EA944D /* RachakatlaHelloAppUITests */,
			);
		};
/* End PBXProject section */

/* Begin PBXResourcesBuildPhase section */
		D79486352B60148C00EA944D /* Resources */ = {
			isa = PBXResourcesBuildPhase;
			buildActionMask = 2147483647;
			files = (
				D79486472B60148D00EA944D /* LaunchScreen.storyboard in Resources */,
				D79486442B60148D00EA944D /* Assets.xcassets in Resources */,
				D79486422B60148C00EA944D /* Main.storyboard in Resources */,
			);
			runOnlyForDeploymentPostprocessing = 0;
		};
		D794864B2B60148D00EA944D /* Resources */ = {
			isa = PBXResourcesBuildPhase;
			buildActionMask = 2147483647;
			files = (
			);
			runOnlyForDeploymentPostprocessing = 0;
		};
		D79486552B60148D00EA944D /* Resources */ = {
			isa = PBXResourcesBuildPhase;
			buildActionMask = 2147483647;
			files = (
			);
			runOnlyForDeploymentPostprocessing = 0;
		};
/* End PBXResourcesBuildPhase section */

/* Begin PBXSourcesBuildPhase section */
		D79486332B60148C00EA944D /* Sources */ = {
			isa = PBXSourcesBuildPhase;
			buildActionMask = 2147483647;
			files = (
				D794863F2B60148C00EA944D /* ViewController.swift in Sources */,
				D794863B2B60148C00EA944D /* AppDelegate.swift in Sources */,
				D794863D2B60148C00EA944D /* SceneDelegate.swift in Sources */,
			);
			runOnlyForDeploymentPostprocessing = 0;
		};
		D79486492B60148D00EA944D /* Sources */ = {
			isa = PBXSourcesBuildPhase;
			buildActionMask = 2147483647;
			files = (
				D79486522B60148D00EA944D /* RachakatlaHelloAppTests.swift in Sources */,
			);
			runOnlyForDeploymentPostprocessing = 0;
		};
		D79486532B60148D00EA944D /* Sources */ = {
			isa = PBXSourcesBuildPhase;
			buildActionMask = 2147483647;
			files = (
				D794865C2B60148D00EA944D /* RachakatlaHelloAppUITests.swift in Sources */,
				D794865E2B60148D00EA944D /* RachakatlaHelloAppUITestsLaunchTests.swift in Sources */,
			);
			runOnlyForDeploymentPostprocessing = 0;
		};
/* End PBXSourcesBuildPhase section */

/* Begin PBXTargetDependency section */
		D794864F2B60148D00EA944D /* PBXTargetDependency */ = {
			isa = PBXTargetDependency;
			target = D79486362B60148C00EA944D /* RachakatlaHelloApp */;
			targetProxy = D794864E2B60148D00EA944D /* PBXContainerItemProxy */;
		};
		D79486592B60148D00EA944D /* PBXTargetDependency */ = {
			isa = PBXTargetDependency;
			target = D79486362B60148C00EA944D /* RachakatlaHelloApp */;
			targetProxy = D79486582B60148D00EA944D /* PBXContainerItemProxy */;
		};
/* End PBXTargetDependency section */

/* Begin PBXVariantGroup section */
		D79486402B60148C00EA944D /* Main.storyboard */ = {
			isa = PBXVariantGroup;
			children = (
				D79486412B60148C00EA944D /* Base */,
			);
			name = Main.storyboard;
			sourceTree = "<group>";
		};
		D79486452B60148D00EA944D /* LaunchScreen.storyboard */ = {
			isa = PBXVariantGroup;
			children = (
				D79486462B60148D00EA944D /* Base */,
			);
			name = LaunchScreen.storyboard;
			sourceTree = "<group>";
		};
/* End PBXVariantGroup section */

/* Begin XCBuildConfiguration section */
		D794865F2B60148D00EA944D /* Debug */ = {
			isa = XCBuildConfiguration;
			buildSettings = {
				ALWAYS_SEARCH_USER_PATHS = NO;
				CLANG_ANALYZER_NONNULL = YES;
				CLANG_ANALYZER_NUMBER_OBJECT_CONVERSION = YES_AGGRESSIVE;
				CLANG_CXX_LANGUAGE_STANDARD = "gnu++20";
				CLANG_ENABLE_MODULES = YES;
				CLANG_ENABLE_OBJC_ARC = YES;
				CLANG_ENABLE_OBJC_WEAK = YES;
				CLANG_WARN_BLOCK_CAPTURE_AUTORELEASING = YES;
				CLANG_WARN_BOOL_CONVERSION = YES;
				CLANG_WARN_COMMA = YES;
				CLANG_WARN_CONSTANT_CONVERSION = YES;
				CLANG_WARN_DEPRECATED_OBJC_IMPLEMENTATIONS = YES;
				CLANG_WARN_DIRECT_OBJC_ISA_USAGE = YES_ERROR;
				CLANG_WARN_DOCUMENTATION_COMMENTS = YES;
				CLANG_WARN_EMPTY_BODY = YES;
				CLANG_WARN_ENUM_CONVERSION = YES;
				CLANG_WARN_INFINITE_RECURSION = YES;
				CLANG_WARN_INT_CONVERSION = YES;
				CLANG_WARN_NON_LITERAL_NULL_CONVERSION = YES;
				CLANG_WARN_OBJC_IMPLICIT_RETAIN_SELF = YES;
				CLANG_WARN_OBJC_LITERAL_CONVERSION = YES;
				CLANG_WARN_OBJC_ROOT_CLASS = YES_ERROR;
				CLANG_WARN_QUOTED_INCLUDE_IN_FRAMEWORK_HEADER = YES;
				CLANG_WARN_RANGE_LOOP_ANALYSIS = YES;
				CLANG_WARN_STRICT_PROTOTYPES = YES;
				CLANG_WARN_SUSPICIOUS_MOVE = YES;
				CLANG_WARN_UNGUARDED_AVAILABILITY = YES_AGGRESSIVE;
				CLANG_WARN_UNREACHABLE_CODE = YES;
				CLANG_WARN__DUPLICATE_METHOD_MATCH = YES;
				COPY_PHASE_STRIP = NO;
				DEBUG_INFORMATION_FORMAT = dwarf;
				ENABLE_STRICT_OBJC_MSGSEND = YES;
				ENABLE_TESTABILITY = YES;
				GCC_C_LANGUAGE_STANDARD = gnu11;
				GCC_DYNAMIC_NO_PIC = NO;
				GCC_NO_COMMON_BLOCKS = YES;
				GCC_OPTIMIZATION_LEVEL = 0;
				GCC_PREPROCESSOR_DEFINITIONS = (
					"DEBUG=1",
					"$(inherited)",
				);
				GCC_WARN_64_TO_32_BIT_CONVERSION = YES;
				GCC_WARN_ABOUT_RETURN_TYPE = YES_ERROR;
				GCC_WARN_UNDECLARED_SELECTOR = YES;
				GCC_WARN_UNINITIALIZED_AUTOS = YES_AGGRESSIVE;
				GCC_WARN_UNUSED_FUNCTION = YES;
				GCC_WARN_UNUSED_VARIABLE = YES;
				IPHONEOS_DEPLOYMENT_TARGET = 16.4;
				MTL_ENABLE_DEBUG_INFO = INCLUDE_SOURCE;
				MTL_FAST_MATH = YES;
				ONLY_ACTIVE_ARCH = YES;
				SDKROOT = iphoneos;
				SWIFT_ACTIVE_COMPILATION_CONDITIONS = DEBUG;
				SWIFT_OPTIMIZATION_LEVEL = "-Onone";
			};
			name = Debug;
		};
		D79486602B60148D00EA944D /* Release */ = {
			isa = XCBuildConfiguration;
			buildSettings = {
				ALWAYS_SEARCH_USER_PATHS = NO;
				CLANG_ANALYZER_NONNULL = YES;
				CLANG_ANALYZER_NUMBER_OBJECT_CONVERSION = YES_AGGRESSIVE;
				CLANG_CXX_LANGUAGE_STANDARD = "gnu++20";
				CLANG_ENABLE_MODULES = YES;
				CLANG_ENABLE_OBJC_ARC = YES;
				CLANG_ENABLE_OBJC_WEAK = YES;
				CLANG_WARN_BLOCK_CAPTURE_AUTORELEASING = YES;
				CLANG_WARN_BOOL_CONVERSION = YES;
				CLANG_WARN_COMMA = YES;
				CLANG_WARN_CONSTANT_CONVERSION = YES;
				CLANG_WARN_DEPRECATED_OBJC_IMPLEMENTATIONS = YES;
				CLANG_WARN_DIRECT_OBJC_ISA_USAGE = YES_ERROR;
				CLANG_WARN_DOCUMENTATION_COMMENTS = YES;
				CLANG_WARN_EMPTY_BODY = YES;
				CLANG_WARN_ENUM_CONVERSION = YES;
				CLANG_WARN_INFINITE_RECURSION = YES;
				CLANG_WARN_INT_CONVERSION = YES;
				CLANG_WARN_NON_LITERAL_NULL_CONVERSION = YES;
				CLANG_WARN_OBJC_IMPLICIT_RETAIN_SELF = YES;
				CLANG_WARN_OBJC_LITERAL_CONVERSION = YES;
				CLANG_WARN_OBJC_ROOT_CLASS = YES_ERROR;
				CLANG_WARN_QUOTED_INCLUDE_IN_FRAMEWORK_HEADER = YES;
				CLANG_WARN_RANGE_LOOP_ANALYSIS = YES;
				CLANG_WARN_STRICT_PROTOTYPES = YES;
				CLANG_WARN_SUSPICIOUS_MOVE = YES;
				CLANG_WARN_UNGUARDED_AVAILABILITY = YES_AGGRESSIVE;
				CLANG_WARN_UNREACHABLE_CODE = YES;
				CLANG_WARN__DUPLICATE_METHOD_MATCH = YES;
				COPY_PHASE_STRIP = NO;
				DEBUG_INFORMATION_FORMAT = "dwarf-with-dsym";
				ENABLE_NS_ASSERTIONS = NO;
				ENABLE_STRICT_OBJC_MSGSEND = YES;
				GCC_C_LANGUAGE_STANDARD = gnu11;
				GCC_NO_COMMON_BLOCKS = YES;
				GCC_WARN_64_TO_32_BIT_CONVERSION = YES;
				GCC_WARN_ABOUT_RETURN_TYPE = YES_ERROR;
				GCC_WARN_UNDECLARED_SELECTOR = YES;
				GCC_WARN_UNINITIALIZED_AUTOS = YES_AGGRESSIVE;
				GCC_WARN_UNUSED_FUNCTION = YES;
				GCC_WARN_UNUSED_VARIABLE = YES;
				IPHONEOS_DEPLOYMENT_TARGET = 16.4;
				MTL_ENABLE_DEBUG_INFO = NO;
				MTL_FAST_MATH = YES;
				SDKROOT = iphoneos;
				SWIFT_COMPILATION_MODE = wholemodule;
				SWIFT_OPTIMIZATION_LEVEL = "-O";
				VALIDATE_PRODUCT = YES;
			};
			name = Release;
		};
		D79486622B60148D00EA944D /* Debug */ = {
			isa = XCBuildConfiguration;
			buildSettings = {
				ASSETCATALOG_COMPILER_APPICON_NAME = AppIcon;
				ASSETCATALOG_COMPILER_GLOBAL_ACCENT_COLOR_NAME = AccentColor;
				CODE_SIGN_STYLE = Automatic;
				CURRENT_PROJECT_VERSION = 1;
				GENERATE_INFOPLIST_FILE = YES;
				INFOPLIST_FILE = RachakatlaHelloApp/Info.plist;
				INFOPLIST_KEY_CFBundleDisplayName = HelloApp;
				INFOPLIST_KEY_UIApplicationSupportsIndirectInputEvents = YES;
				INFOPLIST_KEY_UILaunchStoryboardName = LaunchScreen;
				INFOPLIST_KEY_UIMainStoryboardFile = Main;
				INFOPLIST_KEY_UISupportedInterfaceOrientations_iPad = "UIInterfaceOrientationPortrait UIInterfaceOrientationPortraitUpsideDown UIInterfaceOrientationLandscapeLeft UIInterfaceOrientationLandscapeRight";
				INFOPLIST_KEY_UISupportedInterfaceOrientations_iPhone = "UIInterfaceOrientationPortrait UIInterfaceOrientationLandscapeLeft UIInterfaceOrientationLandscapeRight";
				LD_RUNPATH_SEARCH_PATHS = (
					"$(inherited)",
					"@executable_path/Frameworks",
				);
				MARKETING_VERSION = 1.0;
				PRODUCT_BUNDLE_IDENTIFIER = nwmsu.RachakatlaHelloApp;
				PRODUCT_NAME = "$(TARGET_NAME)";
				SWIFT_EMIT_LOC_STRINGS = YES;
				SWIFT_VERSION = 5.0;
				TARGETED_DEVICE_FAMILY = "1,2";
			};
			name = Debug;
		};
		D79486632B60148D00EA944D /* Release */ = {
			isa = XCBuildConfiguration;
			buildSettings = {
				ASSETCATALOG_COMPILER_APPICON_NAME = AppIcon;
				ASSETCATALOG_COMPILER_GLOBAL_ACCENT_COLOR_NAME = AccentColor;
				CODE_SIGN_STYLE = Automatic;
				CURRENT_PROJECT_VERSION = 1;
				GENERATE_INFOPLIST_FILE = YES;
				INFOPLIST_FILE = RachakatlaHelloApp/Info.plist;
				INFOPLIST_KEY_CFBundleDisplayName = HelloApp;
				INFOPLIST_KEY_UIApplicationSupportsIndirectInputEvents = YES;
				INFOPLIST_KEY_UILaunchStoryboardName = LaunchScreen;
				INFOPLIST_KEY_UIMainStoryboardFile = Main;
				INFOPLIST_KEY_UISupportedInterfaceOrientations_iPad = "UIInterfaceOrientationPortrait UIInterfaceOrientationPortraitUpsideDown UIInterfaceOrientationLandscapeLeft UIInterfaceOrientationLandscapeRight";
				INFOPLIST_KEY_UISupportedInterfaceOrientations_iPhone = "UIInterfaceOrientationPortrait UIInterfaceOrientationLandscapeLeft UIInterfaceOrientationLandscapeRight";
				LD_RUNPATH_SEARCH_PATHS = (
					"$(inherited)",
					"@executable_path/Frameworks",
				);
				MARKETING_VERSION = 1.0;
				PRODUCT_BUNDLE_IDENTIFIER = nwmsu.RachakatlaHelloApp;
				PRODUCT_NAME = "$(TARGET_NAME)";
				SWIFT_EMIT_LOC_STRINGS = YES;
				SWIFT_VERSION = 5.0;
				TARGETED_DEVICE_FAMILY = "1,2";
			};
			name = Release;
		};
		D79486652B60148D00EA944D /* Debug */ = {
			isa = XCBuildConfiguration;
			buildSettings = {
				ALWAYS_EMBED_SWIFT_STANDARD_LIBRARIES = YES;
				BUNDLE_LOADER = "$(TEST_HOST)";
				CODE_SIGN_STYLE = Automatic;
				CURRENT_PROJECT_VERSION = 1;
				GENERATE_INFOPLIST_FILE = YES;
				IPHONEOS_DEPLOYMENT_TARGET = 16.4;
				MARKETING_VERSION = 1.0;
				PRODUCT_BUNDLE_IDENTIFIER = nwmsu.RachakatlaHelloAppTests;
				PRODUCT_NAME = "$(TARGET_NAME)";
				SWIFT_EMIT_LOC_STRINGS = NO;
				SWIFT_VERSION = 5.0;
				TARGETED_DEVICE_FAMILY = "1,2";
				TEST_HOST = "$(BUILT_PRODUCTS_DIR)/RachakatlaHelloApp.app/$(BUNDLE_EXECUTABLE_FOLDER_PATH)/RachakatlaHelloApp";
			};
			name = Debug;
		};
		D79486662B60148D00EA944D /* Release */ = {
			isa = XCBuildConfiguration;
			buildSettings = {
				ALWAYS_EMBED_SWIFT_STANDARD_LIBRARIES = YES;
				BUNDLE_LOADER = "$(TEST_HOST)";
				CODE_SIGN_STYLE = Automatic;
				CURRENT_PROJECT_VERSION = 1;
				GENERATE_INFOPLIST_FILE = YES;
				IPHONEOS_DEPLOYMENT_TARGET = 16.4;
				MARKETING_VERSION = 1.0;
				PRODUCT_BUNDLE_IDENTIFIER = nwmsu.RachakatlaHelloAppTests;
				PRODUCT_NAME = "$(TARGET_NAME)";
				SWIFT_EMIT_LOC_STRINGS = NO;
				SWIFT_VERSION = 5.0;
				TARGETED_DEVICE_FAMILY = "1,2";
				TEST_HOST = "$(BUILT_PRODUCTS_DIR)/RachakatlaHelloApp.app/$(BUNDLE_EXECUTABLE_FOLDER_PATH)/RachakatlaHelloApp";
			};
			name = Release;
		};
		D79486682B60148D00EA944D /* Debug */ = {
			isa = XCBuildConfiguration;
			buildSettings = {
				ALWAYS_EMBED_SWIFT_STANDARD_LIBRARIES = YES;
				CODE_SIGN_STYLE = Automatic;
				CURRENT_PROJECT_VERSION = 1;
				GENERATE_INFOPLIST_FILE = YES;
				MARKETING_VERSION = 1.0;
				PRODUCT_BUNDLE_IDENTIFIER = nwmsu.RachakatlaHelloAppUITests;
				PRODUCT_NAME = "$(TARGET_NAME)";
				SWIFT_EMIT_LOC_STRINGS = NO;
				SWIFT_VERSION = 5.0;
				TARGETED_DEVICE_FAMILY = "1,2";
				TEST_TARGET_NAME = RachakatlaHelloApp;
			};
			name = Debug;
		};
		D79486692B60148D00EA944D /* Release */ = {
			isa = XCBuildConfiguration;
			buildSettings = {
				ALWAYS_EMBED_SWIFT_STANDARD_LIBRARIES = YES;
				CODE_SIGN_STYLE = Automatic;
				CURRENT_PROJECT_VERSION = 1;
				GENERATE_INFOPLIST_FILE = YES;
				MARKETING_VERSION = 1.0;
				PRODUCT_BUNDLE_IDENTIFIER = nwmsu.RachakatlaHelloAppUITests;
				PRODUCT_NAME = "$(TARGET_NAME)";
				SWIFT_EMIT_LOC_STRINGS = NO;
				SWIFT_VERSION = 5.0;
				TARGETED_DEVICE_FAMILY = "1,2";
				TEST_TARGET_NAME = RachakatlaHelloApp;
			};
			name = Release;
		};
/* End XCBuildConfiguration section */

/* Begin XCConfigurationList section */
		D79486322B60148C00EA944D /* Build configuration list for PBXProject "RachakatlaHelloApp" */ = {
			isa = XCConfigurationList;
			buildConfigurations = (
				D794865F2B60148D00EA944D /* Debug */,
				D79486602B60148D00EA944D /* Release */,
			);
			defaultConfigurationIsVisible = 0;
			defaultConfigurationName = Release;
		};
		D79486612B60148D00EA944D /* Build configuration list for PBXNativeTarget "RachakatlaHelloApp" */ = {
			isa = XCConfigurationList;
			buildConfigurations = (
				D79486622B60148D00EA944D /* Debug */,
				D79486632B60148D00EA944D /* Release */,
			);
			defaultConfigurationIsVisible = 0;
			defaultConfigurationName = Release;
		};
		D79486642B60148D00EA944D /* Build configuration list for PBXNativeTarget "RachakatlaHelloAppTests" */ = {
			isa = XCConfigurationList;
			buildConfigurations = (
				D79486652B60148D00EA944D /* Debug */,
				D79486662B60148D00EA944D /* Release */,
			);
			defaultConfigurationIsVisible = 0;
			defaultConfigurationName = Release;
		};
		D79486672B60148D00EA944D /* Build configuration list for PBXNativeTarget "RachakatlaHelloAppUITests" */ = {
			isa = XCConfigurationList;
			buildConfigurations = (
				D79486682B60148D00EA944D /* Debug */,
				D79486692B60148D00EA944D /* Release */,
			);
			defaultConfigurationIsVisible = 0;
			defaultConfigurationName = Release;
		};
/* End XCConfigurationList section */
	};
	rootObject = D794862F2B60148C00EA944D /* Project object */;
}
