// !$*UTF8*$!
{
	archiveVersion = 1;
	classes = {
	};
	objectVersion = 56;
	objects = {

/* Begin PBXBuildFile section */
		D79486772B601DC300EA944D /* AppDelegate.swift in Sources */ = {isa = PBXBuildFile; fileRef = D79486762B601DC300EA944D /* AppDelegate.swift */; };
		D79486792B601DC300EA944D /* SceneDelegate.swift in Sources */ = {isa = PBXBuildFile; fileRef = D79486782B601DC300EA944D /* SceneDelegate.swift */; };
		D794867B2B601DC300EA944D /* ViewController.swift in Sources */ = {isa = PBXBuildFile; fileRef = D794867A2B601DC300EA944D /* ViewController.swift */; };
		D794867E2B601DC300EA944D /* Main.storyboard in Resources */ = {isa = PBXBuildFile; fileRef = D794867C2B601DC300EA944D /* Main.storyboard */; };
		D79486802B601DC400EA944D /* Assets.xcassets in Resources */ = {isa = PBXBuildFile; fileRef = D794867F2B601DC400EA944D /* Assets.xcassets */; };
		D79486832B601DC400EA944D /* LaunchScreen.storyboard in Resources */ = {isa = PBXBuildFile; fileRef = D79486812B601DC400EA944D /* LaunchScreen.storyboard */; };
		D794868E2B601DC400EA944D /* HelloFullNameTests.swift in Sources */ = {isa = PBXBuildFile; fileRef = D794868D2B601DC400EA944D /* HelloFullNameTests.swift */; };
		D79486982B601DC400EA944D /* HelloFullNameUITests.swift in Sources */ = {isa = PBXBuildFile; fileRef = D79486972B601DC400EA944D /* HelloFullNameUITests.swift */; };
		D794869A2B601DC400EA944D /* HelloFullNameUITestsLaunchTests.swift in Sources */ = {isa = PBXBuildFile; fileRef = D79486992B601DC400EA944D /* HelloFullNameUITestsLaunchTests.swift */; };
/* End PBXBuildFile section */

/* Begin PBXContainerItemProxy section */
		D794868A2B601DC400EA944D /* PBXContainerItemProxy */ = {
			isa = PBXContainerItemProxy;
			containerPortal = D794866B2B601DC300EA944D /* Project object */;
			proxyType = 1;
			remoteGlobalIDString = D79486722B601DC300EA944D;
			remoteInfo = HelloFullName;
		};
		D79486942B601DC400EA944D /* PBXContainerItemProxy */ = {
			isa = PBXContainerItemProxy;
			containerPortal = D794866B2B601DC300EA944D /* Project object */;
			proxyType = 1;
			remoteGlobalIDString = D79486722B601DC300EA944D;
			remoteInfo = HelloFullName;
		};
/* End PBXContainerItemProxy section */

/* Begin PBXFileReference section */
		D79486732B601DC300EA944D /* HelloFullName.app */ = {isa = PBXFileReference; explicitFileType = wrapper.application; includeInIndex = 0; path = HelloFullName.app; sourceTree = BUILT_PRODUCTS_DIR; };
		D79486762B601DC300EA944D /* AppDelegate.swift */ = {isa = PBXFileReference; lastKnownFileType = sourcecode.swift; path = AppDelegate.swift; sourceTree = "<group>"; };
		D79486782B601DC300EA944D /* SceneDelegate.swift */ = {isa = PBXFileReference; lastKnownFileType = sourcecode.swift; path = SceneDelegate.swift; sourceTree = "<group>"; };
		D794867A2B601DC300EA944D /* ViewController.swift */ = {isa = PBXFileReference; lastKnownFileType = sourcecode.swift; path = ViewController.swift; sourceTree = "<group>"; };
		D794867D2B601DC300EA944D /* Base */ = {isa = PBXFileReference; lastKnownFileType = file.storyboard; name = Base; path = Base.lproj/Main.storyboard; sourceTree = "<group>"; };
		D794867F2B601DC400EA944D /* Assets.xcassets */ = {isa = PBXFileReference; lastKnownFileType = folder.assetcatalog; path = Assets.xcassets; sourceTree = "<group>"; };
		D79486822B601DC400EA944D /* Base */ = {isa = PBXFileReference; lastKnownFileType = file.storyboard; name = Base; path = Base.lproj/LaunchScreen.storyboard; sourceTree = "<group>"; };
		D79486842B601DC400EA944D /* Info.plist */ = {isa = PBXFileReference; lastKnownFileType = text.plist.xml; path = Info.plist; sourceTree = "<group>"; };
		D79486892B601DC400EA944D /* HelloFullNameTests.xctest */ = {isa = PBXFileReference; explicitFileType = wrapper.cfbundle; includeInIndex = 0; path = HelloFullNameTests.xctest; sourceTree = BUILT_PRODUCTS_DIR; };
		D794868D2B601DC400EA944D /* HelloFullNameTests.swift */ = {isa = PBXFileReference; lastKnownFileType = sourcecode.swift; path = HelloFullNameTests.swift; sourceTree = "<group>"; };
		D79486932B601DC400EA944D /* HelloFullNameUITests.xctest */ = {isa = PBXFileReference; explicitFileType = wrapper.cfbundle; includeInIndex = 0; path = HelloFullNameUITests.xctest; sourceTree = BUILT_PRODUCTS_DIR; };
		D79486972B601DC400EA944D /* HelloFullNameUITests.swift */ = {isa = PBXFileReference; lastKnownFileType = sourcecode.swift; path = HelloFullNameUITests.swift; sourceTree = "<group>"; };
		D79486992B601DC400EA944D /* HelloFullNameUITestsLaunchTests.swift */ = {isa = PBXFileReference; lastKnownFileType = sourcecode.swift; path = HelloFullNameUITestsLaunchTests.swift; sourceTree = "<group>"; };
/* End PBXFileReference section */

/* Begin PBXFrameworksBuildPhase section */
		D79486702B601DC300EA944D /* Frameworks */ = {
			isa = PBXFrameworksBuildPhase;
			buildActionMask = 2147483647;
			files = (
			);
			runOnlyForDeploymentPostprocessing = 0;
		};
		D79486862B601DC400EA944D /* Frameworks */ = {
			isa = PBXFrameworksBuildPhase;
			buildActionMask = 2147483647;
			files = (
			);
			runOnlyForDeploymentPostprocessing = 0;
		};
		D79486902B601DC400EA944D /* Frameworks */ = {
			isa = PBXFrameworksBuildPhase;
			buildActionMask = 2147483647;
			files = (
			);
			runOnlyForDeploymentPostprocessing = 0;
		};
/* End PBXFrameworksBuildPhase section */

/* Begin PBXGroup section */
		D794866A2B601DC300EA944D = {
			isa = PBXGroup;
			children = (
				D79486752B601DC300EA944D /* HelloFullName */,
				D794868C2B601DC400EA944D /* HelloFullNameTests */,
				D79486962B601DC400EA944D /* HelloFullNameUITests */,
				D79486742B601DC300EA944D /* Products */,
			);
			sourceTree = "<group>";
		};
		D79486742B601DC300EA944D /* Products */ = {
			isa = PBXGroup;
			children = (
				D79486732B601DC300EA944D /* HelloFullName.app */,
				D79486892B601DC400EA944D /* HelloFullNameTests.xctest */,
				D79486932B601DC400EA944D /* HelloFullNameUITests.xctest */,
			);
			name = Products;
			sourceTree = "<group>";
		};
		D79486752B601DC300EA944D /* HelloFullName */ = {
			isa = PBXGroup;
			children = (
				D79486762B601DC300EA944D /* AppDelegate.swift */,
				D79486782B601DC300EA944D /* SceneDelegate.swift */,
				D794867A2B601DC300EA944D /* ViewController.swift */,
				D794867C2B601DC300EA944D /* Main.storyboard */,
				D794867F2B601DC400EA944D /* Assets.xcassets */,
				D79486812B601DC400EA944D /* LaunchScreen.storyboard */,
				D79486842B601DC400EA944D /* Info.plist */,
			);
			path = HelloFullName;
			sourceTree = "<group>";
		};
		D794868C2B601DC400EA944D /* HelloFullNameTests */ = {
			isa = PBXGroup;
			children = (
				D794868D2B601DC400EA944D /* HelloFullNameTests.swift */,
			);
			path = HelloFullNameTests;
			sourceTree = "<group>";
		};
		D79486962B601DC400EA944D /* HelloFullNameUITests */ = {
			isa = PBXGroup;
			children = (
				D79486972B601DC400EA944D /* HelloFullNameUITests.swift */,
				D79486992B601DC400EA944D /* HelloFullNameUITestsLaunchTests.swift */,
			);
			path = HelloFullNameUITests;
			sourceTree = "<group>";
		};
/* End PBXGroup section */

/* Begin PBXNativeTarget section */
		D79486722B601DC300EA944D /* HelloFullName */ = {
			isa = PBXNativeTarget;
			buildConfigurationList = D794869D2B601DC400EA944D /* Build configuration list for PBXNativeTarget "HelloFullName" */;
			buildPhases = (
				D794866F2B601DC300EA944D /* Sources */,
				D79486702B601DC300EA944D /* Frameworks */,
				D79486712B601DC300EA944D /* Resources */,
			);
			buildRules = (
			);
			dependencies = (
			);
			name = HelloFullName;
			productName = HelloFullName;
			productReference = D79486732B601DC300EA944D /* HelloFullName.app */;
			productType = "com.apple.product-type.application";
		};
		D79486882B601DC400EA944D /* HelloFullNameTests */ = {
			isa = PBXNativeTarget;
			buildConfigurationList = D79486A02B601DC400EA944D /* Build configuration list for PBXNativeTarget "HelloFullNameTests" */;
			buildPhases = (
				D79486852B601DC400EA944D /* Sources */,
				D79486862B601DC400EA944D /* Frameworks */,
				D79486872B601DC400EA944D /* Resources */,
			);
			buildRules = (
			);
			dependencies = (
				D794868B2B601DC400EA944D /* PBXTargetDependency */,
			);
			name = HelloFullNameTests;
			productName = HelloFullNameTests;
			productReference = D79486892B601DC400EA944D /* HelloFullNameTests.xctest */;
			productType = "com.apple.product-type.bundle.unit-test";
		};
		D79486922B601DC400EA944D /* HelloFullNameUITests */ = {
			isa = PBXNativeTarget;
			buildConfigurationList = D79486A32B601DC400EA944D /* Build configuration list for PBXNativeTarget "HelloFullNameUITests" */;
			buildPhases = (
				D794868F2B601DC400EA944D /* Sources */,
				D79486902B601DC400EA944D /* Frameworks */,
				D79486912B601DC400EA944D /* Resources */,
			);
			buildRules = (
			);
			dependencies = (
				D79486952B601DC400EA944D /* PBXTargetDependency */,
			);
			name = HelloFullNameUITests;
			productName = HelloFullNameUITests;
			productReference = D79486932B601DC400EA944D /* HelloFullNameUITests.xctest */;
			productType = "com.apple.product-type.bundle.ui-testing";
		};
/* End PBXNativeTarget section */

/* Begin PBXProject section */
		D794866B2B601DC300EA944D /* Project object */ = {
			isa = PBXProject;
			attributes = {
				BuildIndependentTargetsInParallel = 1;
				LastSwiftUpdateCheck = 1430;
				LastUpgradeCheck = 1430;
				TargetAttributes = {
					D79486722B601DC300EA944D = {
						CreatedOnToolsVersion = 14.3.1;
					};
					D79486882B601DC400EA944D = {
						CreatedOnToolsVersion = 14.3.1;
						TestTargetID = D79486722B601DC300EA944D;
					};
					D79486922B601DC400EA944D = {
						CreatedOnToolsVersion = 14.3.1;
						TestTargetID = D79486722B601DC300EA944D;
					};
				};
			};
			buildConfigurationList = D794866E2B601DC300EA944D /* Build configuration list for PBXProject "HelloFullName" */;
			compatibilityVersion = "Xcode 14.0";
			developmentRegion = en;
			hasScannedForEncodings = 0;
			knownRegions = (
				en,
				Base,
			);
			mainGroup = D794866A2B601DC300EA944D;
			productRefGroup = D79486742B601DC300EA944D /* Products */;
			projectDirPath = "";
			projectRoot = "";
			targets = (
				D79486722B601DC300EA944D /* HelloFullName */,
				D79486882B601DC400EA944D /* HelloFullNameTests */,
				D79486922B601DC400EA944D /* HelloFullNameUITests */,
			);
		};
/* End PBXProject section */

/* Begin PBXResourcesBuildPhase section */
		D79486712B601DC300EA944D /* Resources */ = {
			isa = PBXResourcesBuildPhase;
			buildActionMask = 2147483647;
			files = (
				D79486832B601DC400EA944D /* LaunchScreen.storyboard in Resources */,
				D79486802B601DC400EA944D /* Assets.xcassets in Resources */,
				D794867E2B601DC300EA944D /* Main.storyboard in Resources */,
			);
			runOnlyForDeploymentPostprocessing = 0;
		};
		D79486872B601DC400EA944D /* Resources */ = {
			isa = PBXResourcesBuildPhase;
			buildActionMask = 2147483647;
			files = (
			);
			runOnlyForDeploymentPostprocessing = 0;
		};
		D79486912B601DC400EA944D /* Resources */ = {
			isa = PBXResourcesBuildPhase;
			buildActionMask = 2147483647;
			files = (
			);
			runOnlyForDeploymentPostprocessing = 0;
		};
/* End PBXResourcesBuildPhase section */

/* Begin PBXSourcesBuildPhase section */
		D794866F2B601DC300EA944D /* Sources */ = {
			isa = PBXSourcesBuildPhase;
			buildActionMask = 2147483647;
			files = (
				D794867B2B601DC300EA944D /* ViewController.swift in Sources */,
				D79486772B601DC300EA944D /* AppDelegate.swift in Sources */,
				D79486792B601DC300EA944D /* SceneDelegate.swift in Sources */,
			);
			runOnlyForDeploymentPostprocessing = 0;
		};
		D79486852B601DC400EA944D /* Sources */ = {
			isa = PBXSourcesBuildPhase;
			buildActionMask = 2147483647;
			files = (
				D794868E2B601DC400EA944D /* HelloFullNameTests.swift in Sources */,
			);
			runOnlyForDeploymentPostprocessing = 0;
		};
		D794868F2B601DC400EA944D /* Sources */ = {
			isa = PBXSourcesBuildPhase;
			buildActionMask = 2147483647;
			files = (
				D79486982B601DC400EA944D /* HelloFullNameUITests.swift in Sources */,
				D794869A2B601DC400EA944D /* HelloFullNameUITestsLaunchTests.swift in Sources */,
			);
			runOnlyForDeploymentPostprocessing = 0;
		};
/* End PBXSourcesBuildPhase section */

/* Begin PBXTargetDependency section */
		D794868B2B601DC400EA944D /* PBXTargetDependency */ = {
			isa = PBXTargetDependency;
			target = D79486722B601DC300EA944D /* HelloFullName */;
			targetProxy = D794868A2B601DC400EA944D /* PBXContainerItemProxy */;
		};
		D79486952B601DC400EA944D /* PBXTargetDependency */ = {
			isa = PBXTargetDependency;
			target = D79486722B601DC300EA944D /* HelloFullName */;
			targetProxy = D79486942B601DC400EA944D /* PBXContainerItemProxy */;
		};
/* End PBXTargetDependency section */

/* Begin PBXVariantGroup section */
		D794867C2B601DC300EA944D /* Main.storyboard */ = {
			isa = PBXVariantGroup;
			children = (
				D794867D2B601DC300EA944D /* Base */,
			);
			name = Main.storyboard;
			sourceTree = "<group>";
		};
		D79486812B601DC400EA944D /* LaunchScreen.storyboard */ = {
			isa = PBXVariantGroup;
			children = (
				D79486822B601DC400EA944D /* Base */,
			);
			name = LaunchScreen.storyboard;
			sourceTree = "<group>";
		};
/* End PBXVariantGroup section */

/* Begin XCBuildConfiguration section */
		D794869B2B601DC400EA944D /* Debug */ = {
			isa = XCBuildConfiguration;
			buildSettings = {
				ALWAYS_SEARCH_USER_PATHS = NO;
				CLANG_ANALYZER_NONNULL = YES;
				CLANG_ANALYZER_NUMBER_OBJECT_CONVERSION = YES_AGGRESSIVE;
				CLANG_CXX_LANGUAGE_STANDARD = "gnu++20";
				CLANG_ENABLE_MODULES = YES;
				CLANG_ENABLE_OBJC_ARC = YES;
				CLANG_ENABLE_OBJC_WEAK = YES;
				CLANG_WARN_BLOCK_CAPTURE_AUTORELEASING = YES;
				CLANG_WARN_BOOL_CONVERSION = YES;
				CLANG_WARN_COMMA = YES;
				CLANG_WARN_CONSTANT_CONVERSION = YES;
				CLANG_WARN_DEPRECATED_OBJC_IMPLEMENTATIONS = YES;
				CLANG_WARN_DIRECT_OBJC_ISA_USAGE = YES_ERROR;
				CLANG_WARN_DOCUMENTATION_COMMENTS = YES;
				CLANG_WARN_EMPTY_BODY = YES;
				CLANG_WARN_ENUM_CONVERSION = YES;
				CLANG_WARN_INFINITE_RECURSION = YES;
				CLANG_WARN_INT_CONVERSION = YES;
				CLANG_WARN_NON_LITERAL_NULL_CONVERSION = YES;
				CLANG_WARN_OBJC_IMPLICIT_RETAIN_SELF = YES;
				CLANG_WARN_OBJC_LITERAL_CONVERSION = YES;
				CLANG_WARN_OBJC_ROOT_CLASS = YES_ERROR;
				CLANG_WARN_QUOTED_INCLUDE_IN_FRAMEWORK_HEADER = YES;
				CLANG_WARN_RANGE_LOOP_ANALYSIS = YES;
				CLANG_WARN_STRICT_PROTOTYPES = YES;
				CLANG_WARN_SUSPICIOUS_MOVE = YES;
				CLANG_WARN_UNGUARDED_AVAILABILITY = YES_AGGRESSIVE;
				CLANG_WARN_UNREACHABLE_CODE = YES;
				CLANG_WARN__DUPLICATE_METHOD_MATCH = YES;
				COPY_PHASE_STRIP = NO;
				DEBUG_INFORMATION_FORMAT = dwarf;
				ENABLE_STRICT_OBJC_MSGSEND = YES;
				ENABLE_TESTABILITY = YES;
				GCC_C_LANGUAGE_STANDARD = gnu11;
				GCC_DYNAMIC_NO_PIC = NO;
				GCC_NO_COMMON_BLOCKS = YES;
				GCC_OPTIMIZATION_LEVEL = 0;
				GCC_PREPROCESSOR_DEFINITIONS = (
					"DEBUG=1",
					"$(inherited)",
				);
				GCC_WARN_64_TO_32_BIT_CONVERSION = YES;
				GCC_WARN_ABOUT_RETURN_TYPE = YES_ERROR;
				GCC_WARN_UNDECLARED_SELECTOR = YES;
				GCC_WARN_UNINITIALIZED_AUTOS = YES_AGGRESSIVE;
				GCC_WARN_UNUSED_FUNCTION = YES;
				GCC_WARN_UNUSED_VARIABLE = YES;
				IPHONEOS_DEPLOYMENT_TARGET = 16.4;
				MTL_ENABLE_DEBUG_INFO = INCLUDE_SOURCE;
				MTL_FAST_MATH = YES;
				ONLY_ACTIVE_ARCH = YES;
				SDKROOT = iphoneos;
				SWIFT_ACTIVE_COMPILATION_CONDITIONS = DEBUG;
				SWIFT_OPTIMIZATION_LEVEL = "-Onone";
			};
			name = Debug;
		};
		D794869C2B601DC400EA944D /* Release */ = {
			isa = XCBuildConfiguration;
			buildSettings = {
				ALWAYS_SEARCH_USER_PATHS = NO;
				CLANG_ANALYZER_NONNULL = YES;
				CLANG_ANALYZER_NUMBER_OBJECT_CONVERSION = YES_AGGRESSIVE;
				CLANG_CXX_LANGUAGE_STANDARD = "gnu++20";
				CLANG_ENABLE_MODULES = YES;
				CLANG_ENABLE_OBJC_ARC = YES;
				CLANG_ENABLE_OBJC_WEAK = YES;
				CLANG_WARN_BLOCK_CAPTURE_AUTORELEASING = YES;
				CLANG_WARN_BOOL_CONVERSION = YES;
				CLANG_WARN_COMMA = YES;
				CLANG_WARN_CONSTANT_CONVERSION = YES;
				CLANG_WARN_DEPRECATED_OBJC_IMPLEMENTATIONS = YES;
				CLANG_WARN_DIRECT_OBJC_ISA_USAGE = YES_ERROR;
				CLANG_WARN_DOCUMENTATION_COMMENTS = YES;
				CLANG_WARN_EMPTY_BODY = YES;
				CLANG_WARN_ENUM_CONVERSION = YES;
				CLANG_WARN_INFINITE_RECURSION = YES;
				CLANG_WARN_INT_CONVERSION = YES;
				CLANG_WARN_NON_LITERAL_NULL_CONVERSION = YES;
				CLANG_WARN_OBJC_IMPLICIT_RETAIN_SELF = YES;
				CLANG_WARN_OBJC_LITERAL_CONVERSION = YES;
				CLANG_WARN_OBJC_ROOT_CLASS = YES_ERROR;
				CLANG_WARN_QUOTED_INCLUDE_IN_FRAMEWORK_HEADER = YES;
				CLANG_WARN_RANGE_LOOP_ANALYSIS = YES;
				CLANG_WARN_STRICT_PROTOTYPES = YES;
				CLANG_WARN_SUSPICIOUS_MOVE = YES;
				CLANG_WARN_UNGUARDED_AVAILABILITY = YES_AGGRESSIVE;
				CLANG_WARN_UNREACHABLE_CODE = YES;
				CLANG_WARN__DUPLICATE_METHOD_MATCH = YES;
				COPY_PHASE_STRIP = NO;
				DEBUG_INFORMATION_FORMAT = "dwarf-with-dsym";
				ENABLE_NS_ASSERTIONS = NO;
				ENABLE_STRICT_OBJC_MSGSEND = YES;
				GCC_C_LANGUAGE_STANDARD = gnu11;
				GCC_NO_COMMON_BLOCKS = YES;
				GCC_WARN_64_TO_32_BIT_CONVERSION = YES;
				GCC_WARN_ABOUT_RETURN_TYPE = YES_ERROR;
				GCC_WARN_UNDECLARED_SELECTOR = YES;
				GCC_WARN_UNINITIALIZED_AUTOS = YES_AGGRESSIVE;
				GCC_WARN_UNUSED_FUNCTION = YES;
				GCC_WARN_UNUSED_VARIABLE = YES;
				IPHONEOS_DEPLOYMENT_TARGET = 16.4;
				MTL_ENABLE_DEBUG_INFO = NO;
				MTL_FAST_MATH = YES;
				SDKROOT = iphoneos;
				SWIFT_COMPILATION_MODE = wholemodule;
				SWIFT_OPTIMIZATION_LEVEL = "-O";
				VALIDATE_PRODUCT = YES;
			};
			name = Release;
		};
		D794869E2B601DC400EA944D /* Debug */ = {
			isa = XCBuildConfiguration;
			buildSettings = {
				ASSETCATALOG_COMPILER_APPICON_NAME = AppIcon;
				ASSETCATALOG_COMPILER_GLOBAL_ACCENT_COLOR_NAME = AccentColor;
				CODE_SIGN_STYLE = Automatic;
				CURRENT_PROJECT_VERSION = 1;
				GENERATE_INFOPLIST_FILE = YES;
				INFOPLIST_FILE = HelloFullName/Info.plist;
				INFOPLIST_KEY_CFBundleDisplayName = HelloFullName;
				INFOPLIST_KEY_UIApplicationSupportsIndirectInputEvents = YES;
				INFOPLIST_KEY_UILaunchStoryboardName = LaunchScreen;
				INFOPLIST_KEY_UIMainStoryboardFile = Main;
				INFOPLIST_KEY_UISupportedInterfaceOrientations_iPad = "UIInterfaceOrientationPortrait UIInterfaceOrientationPortraitUpsideDown UIInterfaceOrientationLandscapeLeft UIInterfaceOrientationLandscapeRight";
				INFOPLIST_KEY_UISupportedInterfaceOrientations_iPhone = "UIInterfaceOrientationPortrait UIInterfaceOrientationLandscapeLeft UIInterfaceOrientationLandscapeRight";
				LD_RUNPATH_SEARCH_PATHS = (
					"$(inherited)",
					"@executable_path/Frameworks",
				);
				MARKETING_VERSION = 1.0;
				PRODUCT_BUNDLE_IDENTIFIER = nwmsu.HelloFullName;
				PRODUCT_NAME = "$(TARGET_NAME)";
				SWIFT_EMIT_LOC_STRINGS = YES;
				SWIFT_VERSION = 5.0;
				TARGETED_DEVICE_FAMILY = "1,2";
			};
			name = Debug;
		};
		D794869F2B601DC400EA944D /* Release */ = {
			isa = XCBuildConfiguration;
			buildSettings = {
				ASSETCATALOG_COMPILER_APPICON_NAME = AppIcon;
				ASSETCATALOG_COMPILER_GLOBAL_ACCENT_COLOR_NAME = AccentColor;
				CODE_SIGN_STYLE = Automatic;
				CURRENT_PROJECT_VERSION = 1;
				GENERATE_INFOPLIST_FILE = YES;
				INFOPLIST_FILE = HelloFullName/Info.plist;
				INFOPLIST_KEY_CFBundleDisplayName = HelloFullName;
				INFOPLIST_KEY_UIApplicationSupportsIndirectInputEvents = YES;
				INFOPLIST_KEY_UILaunchStoryboardName = LaunchScreen;
				INFOPLIST_KEY_UIMainStoryboardFile = Main;
				INFOPLIST_KEY_UISupportedInterfaceOrientations_iPad = "UIInterfaceOrientationPortrait UIInterfaceOrientationPortraitUpsideDown UIInterfaceOrientationLandscapeLeft UIInterfaceOrientationLandscapeRight";
				INFOPLIST_KEY_UISupportedInterfaceOrientations_iPhone = "UIInterfaceOrientationPortrait UIInterfaceOrientationLandscapeLeft UIInterfaceOrientationLandscapeRight";
				LD_RUNPATH_SEARCH_PATHS = (
					"$(inherited)",
					"@executable_path/Frameworks",
				);
				MARKETING_VERSION = 1.0;
				PRODUCT_BUNDLE_IDENTIFIER = nwmsu.HelloFullName;
				PRODUCT_NAME = "$(TARGET_NAME)";
				SWIFT_EMIT_LOC_STRINGS = YES;
				SWIFT_VERSION = 5.0;
				TARGETED_DEVICE_FAMILY = "1,2";
			};
			name = Release;
		};
		D79486A12B601DC400EA944D /* Debug */ = {
			isa = XCBuildConfiguration;
			buildSettings = {
				ALWAYS_EMBED_SWIFT_STANDARD_LIBRARIES = YES;
				BUNDLE_LOADER = "$(TEST_HOST)";
				CODE_SIGN_STYLE = Automatic;
				CURRENT_PROJECT_VERSION = 1;
				GENERATE_INFOPLIST_FILE = YES;
				IPHONEOS_DEPLOYMENT_TARGET = 16.4;
				MARKETING_VERSION = 1.0;
				PRODUCT_BUNDLE_IDENTIFIER = nwmsu.HelloFullNameTests;
				PRODUCT_NAME = "$(TARGET_NAME)";
				SWIFT_EMIT_LOC_STRINGS = NO;
				SWIFT_VERSION = 5.0;
				TARGETED_DEVICE_FAMILY = "1,2";
				TEST_HOST = "$(BUILT_PRODUCTS_DIR)/HelloFullName.app/$(BUNDLE_EXECUTABLE_FOLDER_PATH)/HelloFullName";
			};
			name = Debug;
		};
		D79486A22B601DC400EA944D /* Release */ = {
			isa = XCBuildConfiguration;
			buildSettings = {
				ALWAYS_EMBED_SWIFT_STANDARD_LIBRARIES = YES;
				BUNDLE_LOADER = "$(TEST_HOST)";
				CODE_SIGN_STYLE = Automatic;
				CURRENT_PROJECT_VERSION = 1;
				GENERATE_INFOPLIST_FILE = YES;
				IPHONEOS_DEPLOYMENT_TARGET = 16.4;
				MARKETING_VERSION = 1.0;
				PRODUCT_BUNDLE_IDENTIFIER = nwmsu.HelloFullNameTests;
				PRODUCT_NAME = "$(TARGET_NAME)";
				SWIFT_EMIT_LOC_STRINGS = NO;
				SWIFT_VERSION = 5.0;
				TARGETED_DEVICE_FAMILY = "1,2";
				TEST_HOST = "$(BUILT_PRODUCTS_DIR)/HelloFullName.app/$(BUNDLE_EXECUTABLE_FOLDER_PATH)/HelloFullName";
			};
			name = Release;
		};
		D79486A42B601DC400EA944D /* Debug */ = {
			isa = XCBuildConfiguration;
			buildSettings = {
				ALWAYS_EMBED_SWIFT_STANDARD_LIBRARIES = YES;
				CODE_SIGN_STYLE = Automatic;
				CURRENT_PROJECT_VERSION = 1;
				GENERATE_INFOPLIST_FILE = YES;
				MARKETING_VERSION = 1.0;
				PRODUCT_BUNDLE_IDENTIFIER = nwmsu.HelloFullNameUITests;
				PRODUCT_NAME = "$(TARGET_NAME)";
				SWIFT_EMIT_LOC_STRINGS = NO;
				SWIFT_VERSION = 5.0;
				TARGETED_DEVICE_FAMILY = "1,2";
				TEST_TARGET_NAME = HelloFullName;
			};
			name = Debug;
		};
		D79486A52B601DC400EA944D /* Release */ = {
			isa = XCBuildConfiguration;
			buildSettings = {
				ALWAYS_EMBED_SWIFT_STANDARD_LIBRARIES = YES;
				CODE_SIGN_STYLE = Automatic;
				CURRENT_PROJECT_VERSION = 1;
				GENERATE_INFOPLIST_FILE = YES;
				MARKETING_VERSION = 1.0;
				PRODUCT_BUNDLE_IDENTIFIER = nwmsu.HelloFullNameUITests;
				PRODUCT_NAME = "$(TARGET_NAME)";
				SWIFT_EMIT_LOC_STRINGS = NO;
				SWIFT_VERSION = 5.0;
				TARGETED_DEVICE_FAMILY = "1,2";
				TEST_TARGET_NAME = HelloFullName;
			};
			name = Release;
		};
/* End XCBuildConfiguration section */

/* Begin XCConfigurationList section */
		D794866E2B601DC300EA944D /* Build configuration list for PBXProject "HelloFullName" */ = {
			isa = XCConfigurationList;
			buildConfigurations = (
				D794869B2B601DC400EA944D /* Debug */,
				D794869C2B601DC400EA944D /* Release */,
			);
			defaultConfigurationIsVisible = 0;
			defaultConfigurationName = Release;
		};
		D794869D2B601DC400EA944D /* Build configuration list for PBXNativeTarget "HelloFullName" */ = {
			isa = XCConfigurationList;
			buildConfigurations = (
				D794869E2B601DC400EA944D /* Debug */,
				D794869F2B601DC400EA944D /* Release */,
			);
			defaultConfigurationIsVisible = 0;
			defaultConfigurationName = Release;
		};
		D79486A02B601DC400EA944D /* Build configuration list for PBXNativeTarget "HelloFullNameTests" */ = {
			isa = XCConfigurationList;
			buildConfigurations = (
				D79486A12B601DC400EA944D /* Debug */,
				D79486A22B601DC400EA944D /* Release */,
			);
			defaultConfigurationIsVisible = 0;
			defaultConfigurationName = Release;
		};
		D79486A32B601DC400EA944D /* Build configuration list for PBXNativeTarget "HelloFullNameUITests" */ = {
			isa = XCConfigurationList;
			buildConfigurations = (
				D79486A42B601DC400EA944D /* Debug */,
				D79486A52B601DC400EA944D /* Release */,
			);
			defaultConfigurationIsVisible = 0;
			defaultConfigurationName = Release;
		};
/* End XCConfigurationList section */
	};
	rootObject = D794866B2B601DC300EA944D /* Project object */;
}
