// !$*UTF8*$!
{
	archiveVersion = 1;
	classes = {
	};
	objectVersion = 56;
	objects = {

/* Begin PBXBuildFile section */
		D7B195322B62C0930037B1DF /* AppDelegate.swift in Sources */ = {isa = PBXBuildFile; fileRef = D7B195312B62C0930037B1DF /* AppDelegate.swift */; };
		D7B195342B62C0930037B1DF /* SceneDelegate.swift in Sources */ = {isa = PBXBuildFile; fileRef = D7B195332B62C0930037B1DF /* SceneDelegate.swift */; };
		D7B195362B62C0930037B1DF /* ViewController.swift in Sources */ = {isa = PBXBuildFile; fileRef = D7B195352B62C0930037B1DF /* ViewController.swift */; };
		D7B195392B62C0930037B1DF /* Main.storyboard in Resources */ = {isa = PBXBuildFile; fileRef = D7B195372B62C0930037B1DF /* Main.storyboard */; };
		D7B1953B2B62C0940037B1DF /* Assets.xcassets in Resources */ = {isa = PBXBuildFile; fileRef = D7B1953A2B62C0940037B1DF /* Assets.xcassets */; };
		D7B1953E2B62C0940037B1DF /* LaunchScreen.storyboard in Resources */ = {isa = PBXBuildFile; fileRef = D7B1953C2B62C0940037B1DF /* LaunchScreen.storyboard */; };
		D7B195492B62C0940037B1DF /* RachakatlaTempTests.swift in Sources */ = {isa = PBXBuildFile; fileRef = D7B195482B62C0940037B1DF /* RachakatlaTempTests.swift */; };
		D7B195532B62C0940037B1DF /* RachakatlaTempUITests.swift in Sources */ = {isa = PBXBuildFile; fileRef = D7B195522B62C0940037B1DF /* RachakatlaTempUITests.swift */; };
		D7B195552B62C0940037B1DF /* RachakatlaTempUITestsLaunchTests.swift in Sources */ = {isa = PBXBuildFile; fileRef = D7B195542B62C0940037B1DF /* RachakatlaTempUITestsLaunchTests.swift */; };
/* End PBXBuildFile section */

/* Begin PBXContainerItemProxy section */
		D7B195452B62C0940037B1DF /* PBXContainerItemProxy */ = {
			isa = PBXContainerItemProxy;
			containerPortal = D7B195262B62C0930037B1DF /* Project object */;
			proxyType = 1;
			remoteGlobalIDString = D7B1952D2B62C0930037B1DF;
			remoteInfo = RachakatlaTemp;
		};
		D7B1954F2B62C0940037B1DF /* PBXContainerItemProxy */ = {
			isa = PBXContainerItemProxy;
			containerPortal = D7B195262B62C0930037B1DF /* Project object */;
			proxyType = 1;
			remoteGlobalIDString = D7B1952D2B62C0930037B1DF;
			remoteInfo = RachakatlaTemp;
		};
/* End PBXContainerItemProxy section */

/* Begin PBXFileReference section */
		D7B1952E2B62C0930037B1DF /* RachakatlaTemp.app */ = {isa = PBXFileReference; explicitFileType = wrapper.application; includeInIndex = 0; path = RachakatlaTemp.app; sourceTree = BUILT_PRODUCTS_DIR; };
		D7B195312B62C0930037B1DF /* AppDelegate.swift */ = {isa = PBXFileReference; lastKnownFileType = sourcecode.swift; path = AppDelegate.swift; sourceTree = "<group>"; };
		D7B195332B62C0930037B1DF /* SceneDelegate.swift */ = {isa = PBXFileReference; lastKnownFileType = sourcecode.swift; path = SceneDelegate.swift; sourceTree = "<group>"; };
		D7B195352B62C0930037B1DF /* ViewController.swift */ = {isa = PBXFileReference; lastKnownFileType = sourcecode.swift; path = ViewController.swift; sourceTree = "<group>"; };
		D7B195382B62C0930037B1DF /* Base */ = {isa = PBXFileReference; lastKnownFileType = file.storyboard; name = Base; path = Base.lproj/Main.storyboard; sourceTree = "<group>"; };
		D7B1953A2B62C0940037B1DF /* Assets.xcassets */ = {isa = PBXFileReference; lastKnownFileType = folder.assetcatalog; path = Assets.xcassets; sourceTree = "<group>"; };
		D7B1953D2B62C0940037B1DF /* Base */ = {isa = PBXFileReference; lastKnownFileType = file.storyboard; name = Base; path = Base.lproj/LaunchScreen.storyboard; sourceTree = "<group>"; };
		D7B1953F2B62C0940037B1DF /* Info.plist */ = {isa = PBXFileReference; lastKnownFileType = text.plist.xml; path = Info.plist; sourceTree = "<group>"; };
		D7B195442B62C0940037B1DF /* RachakatlaTempTests.xctest */ = {isa = PBXFileReference; explicitFileType = wrapper.cfbundle; includeInIndex = 0; path = RachakatlaTempTests.xctest; sourceTree = BUILT_PRODUCTS_DIR; };
		D7B195482B62C0940037B1DF /* RachakatlaTempTests.swift */ = {isa = PBXFileReference; lastKnownFileType = sourcecode.swift; path = RachakatlaTempTests.swift; sourceTree = "<group>"; };
		D7B1954E2B62C0940037B1DF /* RachakatlaTempUITests.xctest */ = {isa = PBXFileReference; explicitFileType = wrapper.cfbundle; includeInIndex = 0; path = RachakatlaTempUITests.xctest; sourceTree = BUILT_PRODUCTS_DIR; };
		D7B195522B62C0940037B1DF /* RachakatlaTempUITests.swift */ = {isa = PBXFileReference; lastKnownFileType = sourcecode.swift; path = RachakatlaTempUITests.swift; sourceTree = "<group>"; };
		D7B195542B62C0940037B1DF /* RachakatlaTempUITestsLaunchTests.swift */ = {isa = PBXFileReference; lastKnownFileType = sourcecode.swift; path = RachakatlaTempUITestsLaunchTests.swift; sourceTree = "<group>"; };
/* End PBXFileReference section */

/* Begin PBXFrameworksBuildPhase section */
		D7B1952B2B62C0930037B1DF /* Frameworks */ = {
			isa = PBXFrameworksBuildPhase;
			buildActionMask = 2147483647;
			files = (
			);
			runOnlyForDeploymentPostprocessing = 0;
		};
		D7B195412B62C0940037B1DF /* Frameworks */ = {
			isa = PBXFrameworksBuildPhase;
			buildActionMask = 2147483647;
			files = (
			);
			runOnlyForDeploymentPostprocessing = 0;
		};
		D7B1954B2B62C0940037B1DF /* Frameworks */ = {
			isa = PBXFrameworksBuildPhase;
			buildActionMask = 2147483647;
			files = (
			);
			runOnlyForDeploymentPostprocessing = 0;
		};
/* End PBXFrameworksBuildPhase section */

/* Begin PBXGroup section */
		D7B195252B62C0930037B1DF = {
			isa = PBXGroup;
			children = (
				D7B195302B62C0930037B1DF /* RachakatlaTemp */,
				D7B195472B62C0940037B1DF /* RachakatlaTempTests */,
				D7B195512B62C0940037B1DF /* RachakatlaTempUITests */,
				D7B1952F2B62C0930037B1DF /* Products */,
			);
			sourceTree = "<group>";
		};
		D7B1952F2B62C0930037B1DF /* Products */ = {
			isa = PBXGroup;
			children = (
				D7B1952E2B62C0930037B1DF /* RachakatlaTemp.app */,
				D7B195442B62C0940037B1DF /* RachakatlaTempTests.xctest */,
				D7B1954E2B62C0940037B1DF /* RachakatlaTempUITests.xctest */,
			);
			name = Products;
			sourceTree = "<group>";
		};
		D7B195302B62C0930037B1DF /* RachakatlaTemp */ = {
			isa = PBXGroup;
			children = (
				D7B195312B62C0930037B1DF /* AppDelegate.swift */,
				D7B195332B62C0930037B1DF /* SceneDelegate.swift */,
				D7B195352B62C0930037B1DF /* ViewController.swift */,
				D7B195372B62C0930037B1DF /* Main.storyboard */,
				D7B1953A2B62C0940037B1DF /* Assets.xcassets */,
				D7B1953C2B62C0940037B1DF /* LaunchScreen.storyboard */,
				D7B1953F2B62C0940037B1DF /* Info.plist */,
			);
			path = RachakatlaTemp;
			sourceTree = "<group>";
		};
		D7B195472B62C0940037B1DF /* RachakatlaTempTests */ = {
			isa = PBXGroup;
			children = (
				D7B195482B62C0940037B1DF /* RachakatlaTempTests.swift */,
			);
			path = RachakatlaTempTests;
			sourceTree = "<group>";
		};
		D7B195512B62C0940037B1DF /* RachakatlaTempUITests */ = {
			isa = PBXGroup;
			children = (
				D7B195522B62C0940037B1DF /* RachakatlaTempUITests.swift */,
				D7B195542B62C0940037B1DF /* RachakatlaTempUITestsLaunchTests.swift */,
			);
			path = RachakatlaTempUITests;
			sourceTree = "<group>";
		};
/* End PBXGroup section */

/* Begin PBXNativeTarget section */
		D7B1952D2B62C0930037B1DF /* RachakatlaTemp */ = {
			isa = PBXNativeTarget;
			buildConfigurationList = D7B195582B62C0940037B1DF /* Build configuration list for PBXNativeTarget "RachakatlaTemp" */;
			buildPhases = (
				D7B1952A2B62C0930037B1DF /* Sources */,
				D7B1952B2B62C0930037B1DF /* Frameworks */,
				D7B1952C2B62C0930037B1DF /* Resources */,
			);
			buildRules = (
			);
			dependencies = (
			);
			name = RachakatlaTemp;
			productName = RachakatlaTemp;
			productReference = D7B1952E2B62C0930037B1DF /* RachakatlaTemp.app */;
			productType = "com.apple.product-type.application";
		};
		D7B195432B62C0940037B1DF /* RachakatlaTempTests */ = {
			isa = PBXNativeTarget;
			buildConfigurationList = D7B1955B2B62C0940037B1DF /* Build configuration list for PBXNativeTarget "RachakatlaTempTests" */;
			buildPhases = (
				D7B195402B62C0940037B1DF /* Sources */,
				D7B195412B62C0940037B1DF /* Frameworks */,
				D7B195422B62C0940037B1DF /* Resources */,
			);
			buildRules = (
			);
			dependencies = (
				D7B195462B62C0940037B1DF /* PBXTargetDependency */,
			);
			name = RachakatlaTempTests;
			productName = RachakatlaTempTests;
			productReference = D7B195442B62C0940037B1DF /* RachakatlaTempTests.xctest */;
			productType = "com.apple.product-type.bundle.unit-test";
		};
		D7B1954D2B62C0940037B1DF /* RachakatlaTempUITests */ = {
			isa = PBXNativeTarget;
			buildConfigurationList = D7B1955E2B62C0940037B1DF /* Build configuration list for PBXNativeTarget "RachakatlaTempUITests" */;
			buildPhases = (
				D7B1954A2B62C0940037B1DF /* Sources */,
				D7B1954B2B62C0940037B1DF /* Frameworks */,
				D7B1954C2B62C0940037B1DF /* Resources */,
			);
			buildRules = (
			);
			dependencies = (
				D7B195502B62C0940037B1DF /* PBXTargetDependency */,
			);
			name = RachakatlaTempUITests;
			productName = RachakatlaTempUITests;
			productReference = D7B1954E2B62C0940037B1DF /* RachakatlaTempUITests.xctest */;
			productType = "com.apple.product-type.bundle.ui-testing";
		};
/* End PBXNativeTarget section */

/* Begin PBXProject section */
		D7B195262B62C0930037B1DF /* Project object */ = {
			isa = PBXProject;
			attributes = {
				BuildIndependentTargetsInParallel = 1;
				LastSwiftUpdateCheck = 1430;
				LastUpgradeCheck = 1430;
				TargetAttributes = {
					D7B1952D2B62C0930037B1DF = {
						CreatedOnToolsVersion = 14.3.1;
					};
					D7B195432B62C0940037B1DF = {
						CreatedOnToolsVersion = 14.3.1;
						TestTargetID = D7B1952D2B62C0930037B1DF;
					};
					D7B1954D2B62C0940037B1DF = {
						CreatedOnToolsVersion = 14.3.1;
						TestTargetID = D7B1952D2B62C0930037B1DF;
					};
				};
			};
			buildConfigurationList = D7B195292B62C0930037B1DF /* Build configuration list for PBXProject "RachakatlaTemp" */;
			compatibilityVersion = "Xcode 14.0";
			developmentRegion = en;
			hasScannedForEncodings = 0;
			knownRegions = (
				en,
				Base,
			);
			mainGroup = D7B195252B62C0930037B1DF;
			productRefGroup = D7B1952F2B62C0930037B1DF /* Products */;
			projectDirPath = "";
			projectRoot = "";
			targets = (
				D7B1952D2B62C0930037B1DF /* RachakatlaTemp */,
				D7B195432B62C0940037B1DF /* RachakatlaTempTests */,
				D7B1954D2B62C0940037B1DF /* RachakatlaTempUITests */,
			);
		};
/* End PBXProject section */

/* Begin PBXResourcesBuildPhase section */
		D7B1952C2B62C0930037B1DF /* Resources */ = {
			isa = PBXResourcesBuildPhase;
			buildActionMask = 2147483647;
			files = (
				D7B1953E2B62C0940037B1DF /* LaunchScreen.storyboard in Resources */,
				D7B1953B2B62C0940037B1DF /* Assets.xcassets in Resources */,
				D7B195392B62C0930037B1DF /* Main.storyboard in Resources */,
			);
			runOnlyForDeploymentPostprocessing = 0;
		};
		D7B195422B62C0940037B1DF /* Resources */ = {
			isa = PBXResourcesBuildPhase;
			buildActionMask = 2147483647;
			files = (
			);
			runOnlyForDeploymentPostprocessing = 0;
		};
		D7B1954C2B62C0940037B1DF /* Resources */ = {
			isa = PBXResourcesBuildPhase;
			buildActionMask = 2147483647;
			files = (
			);
			runOnlyForDeploymentPostprocessing = 0;
		};
/* End PBXResourcesBuildPhase section */

/* Begin PBXSourcesBuildPhase section */
		D7B1952A2B62C0930037B1DF /* Sources */ = {
			isa = PBXSourcesBuildPhase;
			buildActionMask = 2147483647;
			files = (
				D7B195362B62C0930037B1DF /* ViewController.swift in Sources */,
				D7B195322B62C0930037B1DF /* AppDelegate.swift in Sources */,
				D7B195342B62C0930037B1DF /* SceneDelegate.swift in Sources */,
			);
			runOnlyForDeploymentPostprocessing = 0;
		};
		D7B195402B62C0940037B1DF /* Sources */ = {
			isa = PBXSourcesBuildPhase;
			buildActionMask = 2147483647;
			files = (
				D7B195492B62C0940037B1DF /* RachakatlaTempTests.swift in Sources */,
			);
			runOnlyForDeploymentPostprocessing = 0;
		};
		D7B1954A2B62C0940037B1DF /* Sources */ = {
			isa = PBXSourcesBuildPhase;
			buildActionMask = 2147483647;
			files = (
				D7B195552B62C0940037B1DF /* RachakatlaTempUITestsLaunchTests.swift in Sources */,
				D7B195532B62C0940037B1DF /* RachakatlaTempUITests.swift in Sources */,
			);
			runOnlyForDeploymentPostprocessing = 0;
		};
/* End PBXSourcesBuildPhase section */

/* Begin PBXTargetDependency section */
		D7B195462B62C0940037B1DF /* PBXTargetDependency */ = {
			isa = PBXTargetDependency;
			target = D7B1952D2B62C0930037B1DF /* RachakatlaTemp */;
			targetProxy = D7B195452B62C0940037B1DF /* PBXContainerItemProxy */;
		};
		D7B195502B62C0940037B1DF /* PBXTargetDependency */ = {
			isa = PBXTargetDependency;
			target = D7B1952D2B62C0930037B1DF /* RachakatlaTemp */;
			targetProxy = D7B1954F2B62C0940037B1DF /* PBXContainerItemProxy */;
		};
/* End PBXTargetDependency section */

/* Begin PBXVariantGroup section */
		D7B195372B62C0930037B1DF /* Main.storyboard */ = {
			isa = PBXVariantGroup;
			children = (
				D7B195382B62C0930037B1DF /* Base */,
			);
			name = Main.storyboard;
			sourceTree = "<group>";
		};
		D7B1953C2B62C0940037B1DF /* LaunchScreen.storyboard */ = {
			isa = PBXVariantGroup;
			children = (
				D7B1953D2B62C0940037B1DF /* Base */,
			);
			name = LaunchScreen.storyboard;
			sourceTree = "<group>";
		};
/* End PBXVariantGroup section */

/* Begin XCBuildConfiguration section */
		D7B195562B62C0940037B1DF /* Debug */ = {
			isa = XCBuildConfiguration;
			buildSettings = {
				ALWAYS_SEARCH_USER_PATHS = NO;
				CLANG_ANALYZER_NONNULL = YES;
				CLANG_ANALYZER_NUMBER_OBJECT_CONVERSION = YES_AGGRESSIVE;
				CLANG_CXX_LANGUAGE_STANDARD = "gnu++20";
				CLANG_ENABLE_MODULES = YES;
				CLANG_ENABLE_OBJC_ARC = YES;
				CLANG_ENABLE_OBJC_WEAK = YES;
				CLANG_WARN_BLOCK_CAPTURE_AUTORELEASING = YES;
				CLANG_WARN_BOOL_CONVERSION = YES;
				CLANG_WARN_COMMA = YES;
				CLANG_WARN_CONSTANT_CONVERSION = YES;
				CLANG_WARN_DEPRECATED_OBJC_IMPLEMENTATIONS = YES;
				CLANG_WARN_DIRECT_OBJC_ISA_USAGE = YES_ERROR;
				CLANG_WARN_DOCUMENTATION_COMMENTS = YES;
				CLANG_WARN_EMPTY_BODY = YES;
				CLANG_WARN_ENUM_CONVERSION = YES;
				CLANG_WARN_INFINITE_RECURSION = YES;
				CLANG_WARN_INT_CONVERSION = YES;
				CLANG_WARN_NON_LITERAL_NULL_CONVERSION = YES;
				CLANG_WARN_OBJC_IMPLICIT_RETAIN_SELF = YES;
				CLANG_WARN_OBJC_LITERAL_CONVERSION = YES;
				CLANG_WARN_OBJC_ROOT_CLASS = YES_ERROR;
				CLANG_WARN_QUOTED_INCLUDE_IN_FRAMEWORK_HEADER = YES;
				CLANG_WARN_RANGE_LOOP_ANALYSIS = YES;
				CLANG_WARN_STRICT_PROTOTYPES = YES;
				CLANG_WARN_SUSPICIOUS_MOVE = YES;
				CLANG_WARN_UNGUARDED_AVAILABILITY = YES_AGGRESSIVE;
				CLANG_WARN_UNREACHABLE_CODE = YES;
				CLANG_WARN__DUPLICATE_METHOD_MATCH = YES;
				COPY_PHASE_STRIP = NO;
				DEBUG_INFORMATION_FORMAT = dwarf;
				ENABLE_STRICT_OBJC_MSGSEND = YES;
				ENABLE_TESTABILITY = YES;
				GCC_C_LANGUAGE_STANDARD = gnu11;
				GCC_DYNAMIC_NO_PIC = NO;
				GCC_NO_COMMON_BLOCKS = YES;
				GCC_OPTIMIZATION_LEVEL = 0;
				GCC_PREPROCESSOR_DEFINITIONS = (
					"DEBUG=1",
					"$(inherited)",
				);
				GCC_WARN_64_TO_32_BIT_CONVERSION = YES;
				GCC_WARN_ABOUT_RETURN_TYPE = YES_ERROR;
				GCC_WARN_UNDECLARED_SELECTOR = YES;
				GCC_WARN_UNINITIALIZED_AUTOS = YES_AGGRESSIVE;
				GCC_WARN_UNUSED_FUNCTION = YES;
				GCC_WARN_UNUSED_VARIABLE = YES;
				IPHONEOS_DEPLOYMENT_TARGET = 16.4;
				MTL_ENABLE_DEBUG_INFO = INCLUDE_SOURCE;
				MTL_FAST_MATH = YES;
				ONLY_ACTIVE_ARCH = YES;
				SDKROOT = iphoneos;
				SWIFT_ACTIVE_COMPILATION_CONDITIONS = DEBUG;
				SWIFT_OPTIMIZATION_LEVEL = "-Onone";
			};
			name = Debug;
		};
		D7B195572B62C0940037B1DF /* Release */ = {
			isa = XCBuildConfiguration;
			buildSettings = {
				ALWAYS_SEARCH_USER_PATHS = NO;
				CLANG_ANALYZER_NONNULL = YES;
				CLANG_ANALYZER_NUMBER_OBJECT_CONVERSION = YES_AGGRESSIVE;
				CLANG_CXX_LANGUAGE_STANDARD = "gnu++20";
				CLANG_ENABLE_MODULES = YES;
				CLANG_ENABLE_OBJC_ARC = YES;
				CLANG_ENABLE_OBJC_WEAK = YES;
				CLANG_WARN_BLOCK_CAPTURE_AUTORELEASING = YES;
				CLANG_WARN_BOOL_CONVERSION = YES;
				CLANG_WARN_COMMA = YES;
				CLANG_WARN_CONSTANT_CONVERSION = YES;
				CLANG_WARN_DEPRECATED_OBJC_IMPLEMENTATIONS = YES;
				CLANG_WARN_DIRECT_OBJC_ISA_USAGE = YES_ERROR;
				CLANG_WARN_DOCUMENTATION_COMMENTS = YES;
				CLANG_WARN_EMPTY_BODY = YES;
				CLANG_WARN_ENUM_CONVERSION = YES;
				CLANG_WARN_INFINITE_RECURSION = YES;
				CLANG_WARN_INT_CONVERSION = YES;
				CLANG_WARN_NON_LITERAL_NULL_CONVERSION = YES;
				CLANG_WARN_OBJC_IMPLICIT_RETAIN_SELF = YES;
				CLANG_WARN_OBJC_LITERAL_CONVERSION = YES;
				CLANG_WARN_OBJC_ROOT_CLASS = YES_ERROR;
				CLANG_WARN_QUOTED_INCLUDE_IN_FRAMEWORK_HEADER = YES;
				CLANG_WARN_RANGE_LOOP_ANALYSIS = YES;
				CLANG_WARN_STRICT_PROTOTYPES = YES;
				CLANG_WARN_SUSPICIOUS_MOVE = YES;
				CLANG_WARN_UNGUARDED_AVAILABILITY = YES_AGGRESSIVE;
				CLANG_WARN_UNREACHABLE_CODE = YES;
				CLANG_WARN__DUPLICATE_METHOD_MATCH = YES;
				COPY_PHASE_STRIP = NO;
				DEBUG_INFORMATION_FORMAT = "dwarf-with-dsym";
				ENABLE_NS_ASSERTIONS = NO;
				ENABLE_STRICT_OBJC_MSGSEND = YES;
				GCC_C_LANGUAGE_STANDARD = gnu11;
				GCC_NO_COMMON_BLOCKS = YES;
				GCC_WARN_64_TO_32_BIT_CONVERSION = YES;
				GCC_WARN_ABOUT_RETURN_TYPE = YES_ERROR;
				GCC_WARN_UNDECLARED_SELECTOR = YES;
				GCC_WARN_UNINITIALIZED_AUTOS = YES_AGGRESSIVE;
				GCC_WARN_UNUSED_FUNCTION = YES;
				GCC_WARN_UNUSED_VARIABLE = YES;
				IPHONEOS_DEPLOYMENT_TARGET = 16.4;
				MTL_ENABLE_DEBUG_INFO = NO;
				MTL_FAST_MATH = YES;
				SDKROOT = iphoneos;
				SWIFT_COMPILATION_MODE = wholemodule;
				SWIFT_OPTIMIZATION_LEVEL = "-O";
				VALIDATE_PRODUCT = YES;
			};
			name = Release;
		};
		D7B195592B62C0940037B1DF /* Debug */ = {
			isa = XCBuildConfiguration;
			buildSettings = {
				ASSETCATALOG_COMPILER_APPICON_NAME = AppIcon;
				ASSETCATALOG_COMPILER_GLOBAL_ACCENT_COLOR_NAME = AccentColor;
				CODE_SIGN_STYLE = Automatic;
				CURRENT_PROJECT_VERSION = 1;
				GENERATE_INFOPLIST_FILE = YES;
				INFOPLIST_FILE = RachakatlaTemp/Info.plist;
				INFOPLIST_KEY_CFBundleDisplayName = TempApp;
				INFOPLIST_KEY_UIApplicationSupportsIndirectInputEvents = YES;
				INFOPLIST_KEY_UILaunchStoryboardName = LaunchScreen;
				INFOPLIST_KEY_UIMainStoryboardFile = Main;
				INFOPLIST_KEY_UISupportedInterfaceOrientations_iPad = "UIInterfaceOrientationPortrait UIInterfaceOrientationPortraitUpsideDown UIInterfaceOrientationLandscapeLeft UIInterfaceOrientationLandscapeRight";
				INFOPLIST_KEY_UISupportedInterfaceOrientations_iPhone = "UIInterfaceOrientationPortrait UIInterfaceOrientationLandscapeLeft UIInterfaceOrientationLandscapeRight";
				LD_RUNPATH_SEARCH_PATHS = (
					"$(inherited)",
					"@executable_path/Frameworks",
				);
				MARKETING_VERSION = 1.0;
				PRODUCT_BUNDLE_IDENTIFIER = nwmsu.RachakatlaTemp;
				PRODUCT_NAME = "$(TARGET_NAME)";
				SWIFT_EMIT_LOC_STRINGS = YES;
				SWIFT_VERSION = 5.0;
				TARGETED_DEVICE_FAMILY = "1,2";
			};
			name = Debug;
		};
		D7B1955A2B62C0940037B1DF /* Release */ = {
			isa = XCBuildConfiguration;
			buildSettings = {
				ASSETCATALOG_COMPILER_APPICON_NAME = AppIcon;
				ASSETCATALOG_COMPILER_GLOBAL_ACCENT_COLOR_NAME = AccentColor;
				CODE_SIGN_STYLE = Automatic;
				CURRENT_PROJECT_VERSION = 1;
				GENERATE_INFOPLIST_FILE = YES;
				INFOPLIST_FILE = RachakatlaTemp/Info.plist;
				INFOPLIST_KEY_CFBundleDisplayName = TempApp;
				INFOPLIST_KEY_UIApplicationSupportsIndirectInputEvents = YES;
				INFOPLIST_KEY_UILaunchStoryboardName = LaunchScreen;
				INFOPLIST_KEY_UIMainStoryboardFile = Main;
				INFOPLIST_KEY_UISupportedInterfaceOrientations_iPad = "UIInterfaceOrientationPortrait UIInterfaceOrientationPortraitUpsideDown UIInterfaceOrientationLandscapeLeft UIInterfaceOrientationLandscapeRight";
				INFOPLIST_KEY_UISupportedInterfaceOrientations_iPhone = "UIInterfaceOrientationPortrait UIInterfaceOrientationLandscapeLeft UIInterfaceOrientationLandscapeRight";
				LD_RUNPATH_SEARCH_PATHS = (
					"$(inherited)",
					"@executable_path/Frameworks",
				);
				MARKETING_VERSION = 1.0;
				PRODUCT_BUNDLE_IDENTIFIER = nwmsu.RachakatlaTemp;
				PRODUCT_NAME = "$(TARGET_NAME)";
				SWIFT_EMIT_LOC_STRINGS = YES;
				SWIFT_VERSION = 5.0;
				TARGETED_DEVICE_FAMILY = "1,2";
			};
			name = Release;
		};
		D7B1955C2B62C0940037B1DF /* Debug */ = {
			isa = XCBuildConfiguration;
			buildSettings = {
				ALWAYS_EMBED_SWIFT_STANDARD_LIBRARIES = YES;
				BUNDLE_LOADER = "$(TEST_HOST)";
				CODE_SIGN_STYLE = Automatic;
				CURRENT_PROJECT_VERSION = 1;
				GENERATE_INFOPLIST_FILE = YES;
				IPHONEOS_DEPLOYMENT_TARGET = 16.4;
				MARKETING_VERSION = 1.0;
				PRODUCT_BUNDLE_IDENTIFIER = nwmsu.RachakatlaTempTests;
				PRODUCT_NAME = "$(TARGET_NAME)";
				SWIFT_EMIT_LOC_STRINGS = NO;
				SWIFT_VERSION = 5.0;
				TARGETED_DEVICE_FAMILY = "1,2";
				TEST_HOST = "$(BUILT_PRODUCTS_DIR)/RachakatlaTemp.app/$(BUNDLE_EXECUTABLE_FOLDER_PATH)/RachakatlaTemp";
			};
			name = Debug;
		};
		D7B1955D2B62C0940037B1DF /* Release */ = {
			isa = XCBuildConfiguration;
			buildSettings = {
				ALWAYS_EMBED_SWIFT_STANDARD_LIBRARIES = YES;
				BUNDLE_LOADER = "$(TEST_HOST)";
				CODE_SIGN_STYLE = Automatic;
				CURRENT_PROJECT_VERSION = 1;
				GENERATE_INFOPLIST_FILE = YES;
				IPHONEOS_DEPLOYMENT_TARGET = 16.4;
				MARKETING_VERSION = 1.0;
				PRODUCT_BUNDLE_IDENTIFIER = nwmsu.RachakatlaTempTests;
				PRODUCT_NAME = "$(TARGET_NAME)";
				SWIFT_EMIT_LOC_STRINGS = NO;
				SWIFT_VERSION = 5.0;
				TARGETED_DEVICE_FAMILY = "1,2";
				TEST_HOST = "$(BUILT_PRODUCTS_DIR)/RachakatlaTemp.app/$(BUNDLE_EXECUTABLE_FOLDER_PATH)/RachakatlaTemp";
			};
			name = Release;
		};
		D7B1955F2B62C0940037B1DF /* Debug */ = {
			isa = XCBuildConfiguration;
			buildSettings = {
				ALWAYS_EMBED_SWIFT_STANDARD_LIBRARIES = YES;
				CODE_SIGN_STYLE = Automatic;
				CURRENT_PROJECT_VERSION = 1;
				GENERATE_INFOPLIST_FILE = YES;
				MARKETING_VERSION = 1.0;
				PRODUCT_BUNDLE_IDENTIFIER = nwmsu.RachakatlaTempUITests;
				PRODUCT_NAME = "$(TARGET_NAME)";
				SWIFT_EMIT_LOC_STRINGS = NO;
				SWIFT_VERSION = 5.0;
				TARGETED_DEVICE_FAMILY = "1,2";
				TEST_TARGET_NAME = RachakatlaTemp;
			};
			name = Debug;
		};
		D7B195602B62C0940037B1DF /* Release */ = {
			isa = XCBuildConfiguration;
			buildSettings = {
				ALWAYS_EMBED_SWIFT_STANDARD_LIBRARIES = YES;
				CODE_SIGN_STYLE = Automatic;
				CURRENT_PROJECT_VERSION = 1;
				GENERATE_INFOPLIST_FILE = YES;
				MARKETING_VERSION = 1.0;
				PRODUCT_BUNDLE_IDENTIFIER = nwmsu.RachakatlaTempUITests;
				PRODUCT_NAME = "$(TARGET_NAME)";
				SWIFT_EMIT_LOC_STRINGS = NO;
				SWIFT_VERSION = 5.0;
				TARGETED_DEVICE_FAMILY = "1,2";
				TEST_TARGET_NAME = RachakatlaTemp;
			};
			name = Release;
		};
/* End XCBuildConfiguration section */

/* Begin XCConfigurationList section */
		D7B195292B62C0930037B1DF /* Build configuration list for PBXProject "RachakatlaTemp" */ = {
			isa = XCConfigurationList;
			buildConfigurations = (
				D7B195562B62C0940037B1DF /* Debug */,
				D7B195572B62C0940037B1DF /* Release */,
			);
			defaultConfigurationIsVisible = 0;
			defaultConfigurationName = Release;
		};
		D7B195582B62C0940037B1DF /* Build configuration list for PBXNativeTarget "RachakatlaTemp" */ = {
			isa = XCConfigurationList;
			buildConfigurations = (
				D7B195592B62C0940037B1DF /* Debug */,
				D7B1955A2B62C0940037B1DF /* Release */,
			);
			defaultConfigurationIsVisible = 0;
			defaultConfigurationName = Release;
		};
		D7B1955B2B62C0940037B1DF /* Build configuration list for PBXNativeTarget "RachakatlaTempTests" */ = {
			isa = XCConfigurationList;
			buildConfigurations = (
				D7B1955C2B62C0940037B1DF /* Debug */,
				D7B1955D2B62C0940037B1DF /* Release */,
			);
			defaultConfigurationIsVisible = 0;
			defaultConfigurationName = Release;
		};
		D7B1955E2B62C0940037B1DF /* Build configuration list for PBXNativeTarget "RachakatlaTempUITests" */ = {
			isa = XCConfigurationList;
			buildConfigurations = (
				D7B1955F2B62C0940037B1DF /* Debug */,
				D7B195602B62C0940037B1DF /* Release */,
			);
			defaultConfigurationIsVisible = 0;
			defaultConfigurationName = Release;
		};
/* End XCConfigurationList section */
	};
	rootObject = D7B195262B62C0930037B1DF /* Project object */;
}
